
Microsoft Visual Studio Solution File, Format Version 12.00
# Visual Studio Version 17
VisualStudioVersion = 17.13.35825.156
MinimumVisualStudioVersion = 10.0.40219.1
Project("{2150E333-8FDC-42A3-9474-1A3956D46DE8}") = "Chapter01", "Chapter01", "{DDB4EF12-CC4E-5E88-E6FC-71A802F4DE97}"
EndProject
Project("{FAE04EC0-301F-11D3-BF4B-00C04F79EFBC}") = "ProductSample", "Chapter01\ProductSample\ProductSample.csproj", "{EF7F1307-F72C-4CDA-ACBA-79F0C13965EB}"
EndProject
Project("{2150E333-8FDC-42A3-9474-1A3956D46DE8}") = "Chapter02", "Chapter02", "{6D59E43C-F0BA-4F3B-BAB6-5BB2FD0C9CF8}"
EndProject
Project("{FAE04EC0-301F-11D3-BF4B-00C04F79EFBC}") = "DistanceConverter", "Chapter02\DistanceConverter\DistanceConverter.csproj", "{D30C1171-4F48-4185-A4AD-F89607D70303}"
EndProject
Project("{2150E333-8FDC-42A3-9474-1A3956D46DE8}") = "演習問題", "演習問題", "{25DF0224-3E8E-4F2E-98D7-A7D0ABE6A54E}"
EndProject
Project("{FAE04EC0-301F-11D3-BF4B-00C04F79EFBC}") = "Exercise02", "Chapter02\演習問題\Exercise02\Exercise02.csproj", "{83841462-AB84-40FF-9D48-2F94F55911CE}"
EndProject
Project("{2150E333-8FDC-42A3-9474-1A3956D46DE8}") = "距離換算プログラム", "距離換算プログラム", "{61299435-4BD7-4D05-92E0-9FE3ECBB1154}"
EndProject
Project("{2150E333-8FDC-42A3-9474-1A3956D46DE8}") = "FormApps", "FormApps", "{AF82E097-1662-414D-9836-2242FDDAE923}"
EndProject
Project("{FAE04EC0-301F-11D3-BF4B-00C04F79EFBC}") = "UnitConverter", "FormApps\UnitConverter\UnitConverter.csproj", "{D89BDC1B-0FB1-443F-8CC3-36F916EB5732}"
EndProject
Project("{FAE04EC0-301F-11D3-BF4B-00C04F79EFBC}") = "StopWatch", "FormApps\StopWatch\StopWatch.csproj", "{B652EC2F-2311-4D9B-BF64-B7C029133204}"
EndProject
Project("{2150E333-8FDC-42A3-9474-1A3956D46DE8}") = "売り上げ集計プログラム", "売り上げ集計プログラム", "{C321EA6C-D6CC-4D3F-91A7-2934285888AF}"
EndProject
Project("{FAE04EC0-301F-11D3-BF4B-00C04F79EFBC}") = "SalesCalculator", "Chapter02\SalesCalculator\SalesCalculator.csproj", "{F0C9BA85-A9E6-468E-8BF0-461D381FB3C7}"
EndProject
Project("{FAE04EC0-301F-11D3-BF4B-00C04F79EFBC}") = "Exercise01", "Chapter02\演習問題\Exercise01\Exercise01.csproj", "{009AC356-581F-45E3-9EF6-6FC7DB3CFC2D}"
EndProject
Global
	GlobalSection(SolutionConfigurationPlatforms) = preSolution
		Debug|Any CPU = Debug|Any CPU
		Release|Any CPU = Release|Any CPU
	EndGlobalSection
	GlobalSection(ProjectConfigurationPlatforms) = postSolution
		{EF7F1307-F72C-4CDA-ACBA-79F0C13965EB}.Debug|Any CPU.ActiveCfg = Debug|Any CPU
		{EF7F1307-F72C-4CDA-ACBA-79F0C13965EB}.Debug|Any CPU.Build.0 = Debug|Any CPU
		{EF7F1307-F72C-4CDA-ACBA-79F0C13965EB}.Release|Any CPU.ActiveCfg = Release|Any CPU
		{EF7F1307-F72C-4CDA-ACBA-79F0C13965EB}.Release|Any CPU.Build.0 = Release|Any CPU
		{D30C1171-4F48-4185-A4AD-F89607D70303}.Debug|Any CPU.ActiveCfg = Debug|Any CPU
		{D30C1171-4F48-4185-A4AD-F89607D70303}.Debug|Any CPU.Build.0 = Debug|Any CPU
		{D30C1171-4F48-4185-A4AD-F89607D70303}.Release|Any CPU.ActiveCfg = Release|Any CPU
		{D30C1171-4F48-4185-A4AD-F89607D70303}.Release|Any CPU.Build.0 = Release|Any CPU
		{83841462-AB84-40FF-9D48-2F94F55911CE}.Debug|Any CPU.ActiveCfg = Debug|Any CPU
		{83841462-AB84-40FF-9D48-2F94F55911CE}.Debug|Any CPU.Build.0 = Debug|Any CPU
		{83841462-AB84-40FF-9D48-2F94F55911CE}.Release|Any CPU.ActiveCfg = Release|Any CPU
		{83841462-AB84-40FF-9D48-2F94F55911CE}.Release|Any CPU.Build.0 = Release|Any CPU
		{D89BDC1B-0FB1-443F-8CC3-36F916EB5732}.Debug|Any CPU.ActiveCfg = Debug|Any CPU
		{D89BDC1B-0FB1-443F-8CC3-36F916EB5732}.Debug|Any CPU.Build.0 = Debug|Any CPU
		{D89BDC1B-0FB1-443F-8CC3-36F916EB5732}.Release|Any CPU.ActiveCfg = Release|Any CPU
		{D89BDC1B-0FB1-443F-8CC3-36F916EB5732}.Release|Any CPU.Build.0 = Release|Any CPU
		{B652EC2F-2311-4D9B-BF64-B7C029133204}.Debug|Any CPU.ActiveCfg = Debug|Any CPU
		{B652EC2F-2311-4D9B-BF64-B7C029133204}.Debug|Any CPU.Build.0 = Debug|Any CPU
		{B652EC2F-2311-4D9B-BF64-B7C029133204}.Release|Any CPU.ActiveCfg = Release|Any CPU
		{B652EC2F-2311-4D9B-BF64-B7C029133204}.Release|Any CPU.Build.0 = Release|Any CPU
		{F0C9BA85-A9E6-468E-8BF0-461D381FB3C7}.Debug|Any CPU.ActiveCfg = Debug|Any CPU
		{F0C9BA85-A9E6-468E-8BF0-461D381FB3C7}.Debug|Any CPU.Build.0 = Debug|Any CPU
		{F0C9BA85-A9E6-468E-8BF0-461D381FB3C7}.Release|Any CPU.ActiveCfg = Release|Any CPU
		{F0C9BA85-A9E6-468E-8BF0-461D381FB3C7}.Release|Any CPU.Build.0 = Release|Any CPU
		{009AC356-581F-45E3-9EF6-6FC7DB3CFC2D}.Debug|Any CPU.ActiveCfg = Debug|Any CPU
		{009AC356-581F-45E3-9EF6-6FC7DB3CFC2D}.Debug|Any CPU.Build.0 = Debug|Any CPU
		{009AC356-581F-45E3-9EF6-6FC7DB3CFC2D}.Release|Any CPU.ActiveCfg = Release|Any CPU
		{009AC356-581F-45E3-9EF6-6FC7DB3CFC2D}.Release|Any CPU.Build.0 = Release|Any CPU
	EndGlobalSection
	GlobalSection(SolutionProperties) = preSolution
		HideSolutionNode = FALSE
	EndGlobalSection
	GlobalSection(NestedProjects) = preSolution
		{EF7F1307-F72C-4CDA-ACBA-79F0C13965EB} = {DDB4EF12-CC4E-5E88-E6FC-71A802F4DE97}
		{D30C1171-4F48-4185-A4AD-F89607D70303} = {61299435-4BD7-4D05-92E0-9FE3ECBB1154}
		{25DF0224-3E8E-4F2E-98D7-A7D0ABE6A54E} = {6D59E43C-F0BA-4F3B-BAB6-5BB2FD0C9CF8}
		{83841462-AB84-40FF-9D48-2F94F55911CE} = {25DF0224-3E8E-4F2E-98D7-A7D0ABE6A54E}
		{61299435-4BD7-4D05-92E0-9FE3ECBB1154} = {6D59E43C-F0BA-4F3B-BAB6-5BB2FD0C9CF8}
		{D89BDC1B-0FB1-443F-8CC3-36F916EB5732} = {AF82E097-1662-414D-9836-2242FDDAE923}
		{B652EC2F-2311-4D9B-BF64-B7C029133204} = {AF82E097-1662-414D-9836-2242FDDAE923}
		{C321EA6C-D6CC-4D3F-91A7-2934285888AF} = {6D59E43C-F0BA-4F3B-BAB6-5BB2FD0C9CF8}
		{F0C9BA85-A9E6-468E-8BF0-461D381FB3C7} = {C321EA6C-D6CC-4D3F-91A7-2934285888AF}
		{009AC356-581F-45E3-9EF6-6FC7DB3CFC2D} = {25DF0224-3E8E-4F2E-98D7-A7D0ABE6A54E}
	EndGlobalSection
	GlobalSection(ExtensibilityGlobals) = postSolution
		SolutionGuid = {3FE903C0-5167-428C-AB54-C6B2CC2F587F}
	EndGlobalSection
EndGlobal
