
Microsoft Visual Studio Solution File, Format Version 12.00
# Visual Studio Version 17
VisualStudioVersion = 17.13.35825.156
MinimumVisualStudioVersion = 10.0.40219.1
Project("{2150E333-8FDC-42A3-9474-1A3956D46DE8}") = "Chapter01", "Chapter01", "{DDB4EF12-CC4E-5E88-E6FC-71A802F4DE97}"
EndProject
Project("{FAE04EC0-301F-11D3-BF4B-00C04F79EFBC}") = "ProductSample", "Chapter01\ProductSample\ProductSample.csproj", "{EF7F1307-F72C-4CDA-ACBA-79F0C13965EB}"
EndProject
Project("{2150E333-8FDC-42A3-9474-1A3956D46DE8}") = "Chapter02", "Chapter02", "{6D59E43C-F0BA-4F3B-BAB6-5BB2FD0C9CF8}"
EndProject
Project("{FAE04EC0-301F-11D3-BF4B-00C04F79EFBC}") = "DistanceConverter", "Chapter02\DistanceConverter\DistanceConverter.csproj", "{D30C1171-4F48-4185-A4AD-F89607D70303}"
EndProject
Project("{2150E333-8FDC-42A3-9474-1A3956D46DE8}") = "演習問題", "演習問題", "{25DF0224-3E8E-4F2E-98D7-A7D0ABE6A54E}"
EndProject
Project("{FAE04EC0-301F-11D3-BF4B-00C04F79EFBC}") = "Exercise02", "Chapter02\演習問題\Exercise02\Exercise02.csproj", "{83841462-AB84-40FF-9D48-2F94F55911CE}"
EndProject
Project("{2150E333-8FDC-42A3-9474-1A3956D46DE8}") = "距離換算プログラム", "距離換算プログラム", "{61299435-4BD7-4D05-92E0-9FE3ECBB1154}"
EndProject
Project("{2150E333-8FDC-42A3-9474-1A3956D46DE8}") = "FormApps", "FormApps", "{AF82E097-1662-414D-9836-2242FDDAE923}"
EndProject
Project("{FAE04EC0-301F-11D3-BF4B-00C04F79EFBC}") = "UnitConverter", "FormApps\UnitConverter\UnitConverter.csproj", "{D89BDC1B-0FB1-443F-8CC3-36F916EB5732}"
EndProject
Project("{FAE04EC0-301F-11D3-BF4B-00C04F79EFBC}") = "StopWatch", "FormApps\StopWatch\StopWatch.csproj", "{B652EC2F-2311-4D9B-BF64-B7C029133204}"
EndProject
Project("{2150E333-8FDC-42A3-9474-1A3956D46DE8}") = "売り上げ集計プログラム", "売り上げ集計プログラム", "{C321EA6C-D6CC-4D3F-91A7-2934285888AF}"
EndProject
Project("{FAE04EC0-301F-11D3-BF4B-00C04F79EFBC}") = "SalesCalculator", "Chapter02\SalesCalculator\SalesCalculator.csproj", "{F0C9BA85-A9E6-468E-8BF0-461D381FB3C7}"
EndProject
Project("{FAE04EC0-301F-11D3-BF4B-00C04F79EFBC}") = "Exercise01", "Chapter02\演習問題\Exercise01\Exercise01.csproj", "{009AC356-581F-45E3-9EF6-6FC7DB3CFC2D}"
EndProject
Project("{2150E333-8FDC-42A3-9474-1A3956D46DE8}") = "Chapter03", "Chapter03", "{DD522DAA-FA74-4616-805C-818004F7DE8E}"
EndProject
Project("{FAE04EC0-301F-11D3-BF4B-00C04F79EFBC}") = "Section01", "Chapter03\Section01\Section01.csproj", "{1ADD36D9-EE3C-4EE4-8AD8-1B8DB41E9869}"
EndProject
Project("{2150E333-8FDC-42A3-9474-1A3956D46DE8}") = "演習問題", "演習問題", "{004D67B7-9786-41D8-B4F1-7A5667FB9DCE}"
EndProject
Project("{FAE04EC0-301F-11D3-BF4B-00C04F79EFBC}") = "Exercise02", "Chapter03\演習問題\Exercise02\Exercise02.csproj", "{6B344FBE-E62C-4EA5-93B2-6B41562DF1CE}"
EndProject
Project("{FAE04EC0-301F-11D3-BF4B-00C04F79EFBC}") = "Section04", "Chapter03\ConsoleApp1\Section04.csproj", "{39E1DAD7-BF1A-4167-946C-8473840B9C46}"
EndProject
Project("{FAE04EC0-301F-11D3-BF4B-00C04F79EFBC}") = "Exercise01", "Chapter03\演習問題\Exercise01\Exercise01.csproj", "{5D91CC69-6C80-4056-944E-B27D87EF9855}"
EndProject
Project("{2150E333-8FDC-42A3-9474-1A3956D46DE8}") = "Chapter04", "Chapter04", "{D007FAC2-7438-42D6-9741-6775B0C83EF6}"
EndProject
Project("{FAE04EC0-301F-11D3-BF4B-00C04F79EFBC}") = "Section04", "Chapter04\Section04\Section04.csproj", "{13E2DD42-121F-4F6D-A9A5-CEC2B745629A}"
EndProject
Project("{2150E333-8FDC-42A3-9474-1A3956D46DE8}") = "演習問題", "演習問題", "{A8289D6E-E34D-4DAF-A189-28E10E79A9A6}"
EndProject
Project("{FAE04EC0-301F-11D3-BF4B-00C04F79EFBC}") = "Exercise01", "Chapter04\演習問題\Exercise01\Exercise01.csproj", "{65270C45-DA0A-4DDD-AAC9-4390B9C998CB}"
EndProject
Project("{FAE04EC0-301F-11D3-BF4B-00C04F79EFBC}") = "Exercise02", "Chapter04\演習問題\Exercise02\Exercise02.csproj", "{4BAFF487-9DCA-4975-BD22-CFDCFBDB4FE1}"
EndProject
Project("{2150E333-8FDC-42A3-9474-1A3956D46DE8}") = "LINQ", "LINQ", "{9708A375-B4A5-4FA6-B26F-A2BC8E91BA4E}"
EndProject
Project("{FAE04EC0-301F-11D3-BF4B-00C04F79EFBC}") = "LinqSample", "LINQ\LinqSample\LinqSample.csproj", "{20627AE7-86E6-4001-8F25-4F376FED2A86}"
EndProject
Project("{2150E333-8FDC-42A3-9474-1A3956D46DE8}") = "Chapter07", "Chapter07", "{8D15E604-7F21-4273-8F23-ED8636C89ADA}"
EndProject
Project("{FAE04EC0-301F-11D3-BF4B-00C04F79EFBC}") = "Exercise01", "Chapter07\Exercise01\Exercise01.csproj", "{63046217-60D4-48F3-9A80-8D8D73AB67F3}"
EndProject
Project("{FAE04EC0-301F-11D3-BF4B-00C04F79EFBC}") = "Section01", "Chapter07\Section01\Section01.csproj", "{5928E6D4-B0E3-4930-9F76-D15AA08D8002}"
EndProject
Project("{FAE04EC0-301F-11D3-BF4B-00C04F79EFBC}") = "Section05", "Chapter07\Section05\Section05.csproj", "{1909DE91-F9B0-40BC-9C02-DE82A628BBE7}"
EndProject
Project("{2150E333-8FDC-42A3-9474-1A3956D46DE8}") = "演習問題", "演習問題", "{E4AEB527-EEC7-44EB-A888-DDA74DAEB72D}"
EndProject
Project("{FAE04EC0-301F-11D3-BF4B-00C04F79EFBC}") = "Exercise02", "Chapter07\演習問題\Exercise02\Exercise02.csproj", "{2D261ABE-20A6-4223-B20C-88F45C0ECB04}"
EndProject
Project("{2150E333-8FDC-42A3-9474-1A3956D46DE8}") = "Chapter06", "Chapter06", "{5B684047-B358-438A-B3CC-BBBABA6B0C0A}"
EndProject
Project("{FAE04EC0-301F-11D3-BF4B-00C04F79EFBC}") = "Section01", "Chapter06\Section01\Section01.csproj", "{9365F2D0-20DB-4B8B-9374-33E4B0D1A2CA}"
EndProject
Project("{2150E333-8FDC-42A3-9474-1A3956D46DE8}") = "演習問題", "演習問題", "{8023E3F9-09F5-4A45-887A-FE0E95669E20}"
EndProject
Project("{FAE04EC0-301F-11D3-BF4B-00C04F79EFBC}") = "Exercise01", "Chapter06\演習問題\Exercise01\Exercise01.csproj", "{9689713B-7629-414E-965B-1E0A349DF5A3}"
EndProject
Project("{FAE04EC0-301F-11D3-BF4B-00C04F79EFBC}") = "Exercise03", "Chapter06\演習問題\Exercise03\Exercise03.csproj", "{81EC4F11-006F-4E95-BEBB-9353B7EDDEE0}"
EndProject
Project("{FAE04EC0-301F-11D3-BF4B-00C04F79EFBC}") = "Exercise04", "Chapter06\演習問題\Exercise04\Exercise04.csproj", "{2B2AE79B-A1A1-44CA-9E46-CED77EA327AA}"
EndProject
Project("{FAE04EC0-301F-11D3-BF4B-00C04F79EFBC}") = "Section03", "Chapter06\Section03\Section03.csproj", "{13589BB3-967B-4E14-B3D7-FB7B88930D29}"
EndProject
Project("{2150E333-8FDC-42A3-9474-1A3956D46DE8}") = "Chapter05", "Chapter05", "{4E496BC4-EC6C-4F82-BE93-27CC46BF77A8}"
EndProject
Project("{2150E333-8FDC-42A3-9474-1A3956D46DE8}") = "演習問題", "演習問題", "{7064EB76-7117-4208-8707-9C81B28099D1}"
EndProject
Project("{FAE04EC0-301F-11D3-BF4B-00C04F79EFBC}") = "Section01", "Chapter05\Section01\Section01.csproj", "{33BA7383-6A4C-4E27-888A-950C8691E049}"
EndProject
Project("{FAE04EC0-301F-11D3-BF4B-00C04F79EFBC}") = "Exercise01", "Chapter05\演習問題\Exercise01\Exercise01.csproj", "{211481AF-38E2-494F-89D4-0DE549B08EA9}"
EndProject
Project("{FAE04EC0-301F-11D3-BF4B-00C04F79EFBC}") = "Exercise02", "Chapter05\演習問題\Exercise02\Exercise02.csproj", "{8990E7B5-3F03-4BA9-BCE5-331174859C48}"
EndProject
Project("{FAE04EC0-301F-11D3-BF4B-00C04F79EFBC}") = "Section02", "Chapter05\Section02\Section02.csproj", "{E2C94356-327C-46F6-9BFB-5443BB2F79F5}"
EndProject
Project("{2150E333-8FDC-42A3-9474-1A3956D46DE8}") = "Chapter08", "Chapter08", "{2E19FF1C-8F63-4942-B108-1B3BBC6CC751}"
EndProject
Project("{FAE04EC0-301F-11D3-BF4B-00C04F79EFBC}") = "Section03", "Chapter08\Section03\Section03.csproj", "{7C06D570-5236-67C0-200D-EFEA42F6ED6E}"
EndProject
Project("{2150E333-8FDC-42A3-9474-1A3956D46DE8}") = "演習問題", "演習問題", "{F2BA286C-2607-4023-85F1-172F0EA3C3AE}"
EndProject
Project("{FAE04EC0-301F-11D3-BF4B-00C04F79EFBC}") = "Exercise01", "Chapter08\演習問題\Exercise01\Exercise01.csproj", "{D589C9D2-25B2-97EF-C106-318F1C56DB7D}"
EndProject
Project("{FAE04EC0-301F-11D3-BF4B-00C04F79EFBC}") = "PrefCapitalLocationSystem", "Chapter08\PrefCapitalLocationSystem\PrefCapitalLocationSystem.csproj", "{BA3B5C5E-D6A4-39ED-6760-036CDB62E249}"
EndProject
Project("{FAE04EC0-301F-11D3-BF4B-00C04F79EFBC}") = "Exercise02", "Chapter08\演習問題\Exercise02\Exercise02.csproj", "{18BD8ADB-3452-487D-9D7F-615C2A544EDC}"
EndProject
Project("{2150E333-8FDC-42A3-9474-1A3956D46DE8}") = "Test01", "Test01", "{4F5D7413-9DF3-4F68-9AB0-4A42D9BC05BE}"
EndProject
Project("{FAE04EC0-301F-11D3-BF4B-00C04F79EFBC}") = "Test01", "Test01\Test01\Test01.csproj", "{6EF7678A-A725-F430-3097-30F090C0100A}"
EndProject
Project("{FAE04EC0-301F-11D3-BF4B-00C04F79EFBC}") = "Test02", "Test01\Test02\Test02.csproj", "{010D0C11-D6A2-3CA6-3281-4E0FD547EC2D}"
EndProject
Project("{2150E333-8FDC-42A3-9474-1A3956D46DE8}") = "Chapter09", "Chapter09", "{C1788404-06E0-4CB2-A18F-94988FDACA6D}"
EndProject
Project("{FAE04EC0-301F-11D3-BF4B-00C04F79EFBC}") = "Section01", "Chapter09\Section01\Section01.csproj", "{77D22A6D-48CE-D50A-EDB6-272D0BC9EE0A}"
EndProject
Project("{2150E333-8FDC-42A3-9474-1A3956D46DE8}") = "演習問題", "演習問題", "{7EEB8E84-D0BD-4354-9B82-651EC3B71891}"
EndProject
Project("{FAE04EC0-301F-11D3-BF4B-00C04F79EFBC}") = "Exercise01", "Chapter09\演習問題\Exercise01\Exercise01.csproj", "{620ABE0D-EA03-4D37-9123-47FD0C03FCA3}"
EndProject
Project("{FAE04EC0-301F-11D3-BF4B-00C04F79EFBC}") = "Exercise02", "Chapter09\演習問題\Exercise02\Exercise02.csproj", "{52442FBF-AB1E-12BC-8344-0695887AC3CB}"
EndProject
Project("{FAE04EC0-301F-11D3-BF4B-00C04F79EFBC}") = "CarReportSystem", "FormApps\CarReportSystem\CarReportSystem.csproj", "{0B48C449-0B35-182D-2B8C-BFE6C8DF0359}"
EndProject
Project("{2150E333-8FDC-42A3-9474-1A3956D46DE8}") = "Chapter12", "Chapter12", "{80ED7C79-262D-4826-8BEF-0BABE4911227}"
EndProject
Project("{FAE04EC0-301F-11D3-BF4B-00C04F79EFBC}") = "Section01", "Chapter12\Section01\Section01.csproj", "{4109F16C-CC0F-746C-BB8C-6083813C958C}"
EndProject
Project("{2150E333-8FDC-42A3-9474-1A3956D46DE8}") = "演習問題", "演習問題", "{1044220B-AD19-4614-A4B1-D05BFEE9E89D}"
EndProject
Project("{FAE04EC0-301F-11D3-BF4B-00C04F79EFBC}") = "Exercise01", "Chapter12\演習問題\Exercise01\Exercise01.csproj", "{6C5C8E11-5C4E-7216-5310-F8D4870D4E3D}"
EndProject
Project("{FAE04EC0-301F-11D3-BF4B-00C04F79EFBC}") = "Exercise02", "Chapter12\演習問題\Exercise02\Exercise02.csproj", "{F01C3B69-9D05-4BEF-26EB-57BAD926097B}"
EndProject
Project("{FAE04EC0-301F-11D3-BF4B-00C04F79EFBC}") = "Exercise03", "Chapter12\演習問題\Exercise03\Exercise03.csproj", "{414DFFD5-4A0F-DD91-933A-D9585859A325}"
EndProject
Project("{FAE04EC0-301F-11D3-BF4B-00C04F79EFBC}") = "RssReader", "FormApps\RssReader\RssReader.csproj", "{B34885F9-3E6C-4A81-BDAF-708950364C71}"
EndProject
Project("{FAE04EC0-301F-11D3-BF4B-00C04F79EFBC}") = "Play", "Test01\Play\Play.csproj", "{4FDFE1F8-2A42-4F64-B9C3-4C0C433BBF4F}"
EndProject
Project("{2150E333-8FDC-42A3-9474-1A3956D46DE8}") = "Chapter11", "Chapter11", "{49C9CEB2-417F-431E-9FC0-2BA450760472}"
EndProject
Project("{FAE04EC0-301F-11D3-BF4B-00C04F79EFBC}") = "Section02", "Chapter11\Section02\Section02.csproj", "{A0C2A8B5-7C9B-4830-A233-F86E410A9B32}"
EndProject
Project("{FAE04EC0-301F-11D3-BF4B-00C04F79EFBC}") = "Section00", "Chapter11\Section00\Section00.csproj", "{906DC04D-A213-4FE1-89ED-C5248048C59A}"
EndProject
Project("{2150E333-8FDC-42A3-9474-1A3956D46DE8}") = "演習問題", "演習問題", "{DE7948AA-0129-47A5-9CBA-F4DC44C2C95C}"
EndProject
Project("{FAE04EC0-301F-11D3-BF4B-00C04F79EFBC}") = "Exercise01", "Chapter11\演習問題\Exercise01\Exercise01.csproj", "{37005EAF-4701-46AA-BE92-CE65F2AE9AEC}"
EndProject
Project("{FAE04EC0-301F-11D3-BF4B-00C04F79EFBC}") = "Exercise02", "Chapter11\演習問題\Exercise02\Exercise02.csproj", "{5303D2F3-3A52-43EE-AEF4-187BFF831C69}"
EndProject
Project("{FAE04EC0-301F-11D3-BF4B-00C04F79EFBC}") = "Section03", "Chapter11\Section03\Section03.csproj", "{90EF2D30-88EC-4F9D-8106-67B26458F0D9}"
EndProject
Project("{FAE04EC0-301F-11D3-BF4B-00C04F79EFBC}") = "Exercise03", "Chapter11\演習問題\Exercise03\Exercise03.csproj", "{A584679A-EF9A-47A8-AACB-77C92FDAE1F1}"
EndProject
Project("{FAE04EC0-301F-11D3-BF4B-00C04F79EFBC}") = "Exercise04", "Chapter11\演習問題\Exercise04\Exercise04.csproj", "{608C7ECB-C6D8-47EF-A4D7-DD53412EF75F}"
EndProject
Project("{FAE04EC0-301F-11D3-BF4B-00C04F79EFBC}") = "Exercise05", "Chapter11\演習問題\Exercise05\Exercise05.csproj", "{6DEA7C30-5F74-4F2F-9110-FA1A3C92050C}"
EndProject
Project("{FAE04EC0-301F-11D3-BF4B-00C04F79EFBC}") = "Section04", "Chapter11\Section04\Section04.csproj", "{E10E3764-E287-4A05-8484-0E9BA9F09CBD}"
EndProject
Project("{2150E333-8FDC-42A3-9474-1A3956D46DE8}") = "WPF", "WPF", "{7C5E3FF2-E601-4280-8E74-096D4C4D1E81}"
EndProject
Project("{FAE04EC0-301F-11D3-BF4B-00C04F79EFBC}") = "SampleApplication", "WPF\SampleApplication\SampleApplication.csproj", "{D358657C-DA26-40AD-937F-025C30A558DF}"
EndProject
Project("{FAE04EC0-301F-11D3-BF4B-00C04F79EFBC}") = "SampleSlider", "WPF\SampleSlider\SampleSlider.csproj", "{C3BDE238-2591-4C6E-A9FA-8D7148D35FBA}"
EndProject
Project("{FAE04EC0-301F-11D3-BF4B-00C04F79EFBC}") = "ColorChecker", "WPF\ColorChecker\ColorChecker.csproj", "{9AC88690-78FE-4F45-BAA6-DF7504BB011E}"
EndProject
Project("{FAE04EC0-301F-11D3-BF4B-00C04F79EFBC}") = "ConverterApp", "WPF\ConverterApp\ConverterApp.csproj", "{13EF6CCE-EC4B-454F-807A-A1F5FD6DA9A4}"
EndProject
Project("{FAE04EC0-301F-11D3-BF4B-00C04F79EFBC}") = "HelloWorld", "WPF\HelloWorld\HelloWorld.csproj", "{D94AD39D-99FD-49A0-8B68-B513EE2DAB73}"
EndProject
Global
	GlobalSection(SolutionConfigurationPlatforms) = preSolution
		Debug|Any CPU = Debug|Any CPU
		Debug|x64 = Debug|x64
		Release|Any CPU = Release|Any CPU
		Release|x64 = Release|x64
	EndGlobalSection
	GlobalSection(ProjectConfigurationPlatforms) = postSolution
		{EF7F1307-F72C-4CDA-ACBA-79F0C13965EB}.Debug|Any CPU.ActiveCfg = Debug|Any CPU
		{EF7F1307-F72C-4CDA-ACBA-79F0C13965EB}.Debug|Any CPU.Build.0 = Debug|Any CPU
		{EF7F1307-F72C-4CDA-ACBA-79F0C13965EB}.Debug|x64.ActiveCfg = Debug|Any CPU
		{EF7F1307-F72C-4CDA-ACBA-79F0C13965EB}.Debug|x64.Build.0 = Debug|Any CPU
		{EF7F1307-F72C-4CDA-ACBA-79F0C13965EB}.Release|Any CPU.ActiveCfg = Release|Any CPU
		{EF7F1307-F72C-4CDA-ACBA-79F0C13965EB}.Release|Any CPU.Build.0 = Release|Any CPU
		{EF7F1307-F72C-4CDA-ACBA-79F0C13965EB}.Release|x64.ActiveCfg = Release|Any CPU
		{EF7F1307-F72C-4CDA-ACBA-79F0C13965EB}.Release|x64.Build.0 = Release|Any CPU
		{D30C1171-4F48-4185-A4AD-F89607D70303}.Debug|Any CPU.ActiveCfg = Debug|Any CPU
		{D30C1171-4F48-4185-A4AD-F89607D70303}.Debug|Any CPU.Build.0 = Debug|Any CPU
		{D30C1171-4F48-4185-A4AD-F89607D70303}.Debug|x64.ActiveCfg = Debug|Any CPU
		{D30C1171-4F48-4185-A4AD-F89607D70303}.Debug|x64.Build.0 = Debug|Any CPU
		{D30C1171-4F48-4185-A4AD-F89607D70303}.Release|Any CPU.ActiveCfg = Release|Any CPU
		{D30C1171-4F48-4185-A4AD-F89607D70303}.Release|Any CPU.Build.0 = Release|Any CPU
		{D30C1171-4F48-4185-A4AD-F89607D70303}.Release|x64.ActiveCfg = Release|Any CPU
		{D30C1171-4F48-4185-A4AD-F89607D70303}.Release|x64.Build.0 = Release|Any CPU
		{83841462-AB84-40FF-9D48-2F94F55911CE}.Debug|Any CPU.ActiveCfg = Debug|Any CPU
		{83841462-AB84-40FF-9D48-2F94F55911CE}.Debug|Any CPU.Build.0 = Debug|Any CPU
		{83841462-AB84-40FF-9D48-2F94F55911CE}.Debug|x64.ActiveCfg = Debug|Any CPU
		{83841462-AB84-40FF-9D48-2F94F55911CE}.Debug|x64.Build.0 = Debug|Any CPU
		{83841462-AB84-40FF-9D48-2F94F55911CE}.Release|Any CPU.ActiveCfg = Release|Any CPU
		{83841462-AB84-40FF-9D48-2F94F55911CE}.Release|Any CPU.Build.0 = Release|Any CPU
		{83841462-AB84-40FF-9D48-2F94F55911CE}.Release|x64.ActiveCfg = Release|Any CPU
		{83841462-AB84-40FF-9D48-2F94F55911CE}.Release|x64.Build.0 = Release|Any CPU
		{D89BDC1B-0FB1-443F-8CC3-36F916EB5732}.Debug|Any CPU.ActiveCfg = Debug|Any CPU
		{D89BDC1B-0FB1-443F-8CC3-36F916EB5732}.Debug|Any CPU.Build.0 = Debug|Any CPU
		{D89BDC1B-0FB1-443F-8CC3-36F916EB5732}.Debug|x64.ActiveCfg = Debug|Any CPU
		{D89BDC1B-0FB1-443F-8CC3-36F916EB5732}.Debug|x64.Build.0 = Debug|Any CPU
		{D89BDC1B-0FB1-443F-8CC3-36F916EB5732}.Release|Any CPU.ActiveCfg = Release|Any CPU
		{D89BDC1B-0FB1-443F-8CC3-36F916EB5732}.Release|Any CPU.Build.0 = Release|Any CPU
		{D89BDC1B-0FB1-443F-8CC3-36F916EB5732}.Release|x64.ActiveCfg = Release|Any CPU
		{D89BDC1B-0FB1-443F-8CC3-36F916EB5732}.Release|x64.Build.0 = Release|Any CPU
		{B652EC2F-2311-4D9B-BF64-B7C029133204}.Debug|Any CPU.ActiveCfg = Debug|Any CPU
		{B652EC2F-2311-4D9B-BF64-B7C029133204}.Debug|Any CPU.Build.0 = Debug|Any CPU
		{B652EC2F-2311-4D9B-BF64-B7C029133204}.Debug|x64.ActiveCfg = Debug|Any CPU
		{B652EC2F-2311-4D9B-BF64-B7C029133204}.Debug|x64.Build.0 = Debug|Any CPU
		{B652EC2F-2311-4D9B-BF64-B7C029133204}.Release|Any CPU.ActiveCfg = Release|Any CPU
		{B652EC2F-2311-4D9B-BF64-B7C029133204}.Release|Any CPU.Build.0 = Release|Any CPU
		{B652EC2F-2311-4D9B-BF64-B7C029133204}.Release|x64.ActiveCfg = Release|Any CPU
		{B652EC2F-2311-4D9B-BF64-B7C029133204}.Release|x64.Build.0 = Release|Any CPU
		{F0C9BA85-A9E6-468E-8BF0-461D381FB3C7}.Debug|Any CPU.ActiveCfg = Debug|Any CPU
		{F0C9BA85-A9E6-468E-8BF0-461D381FB3C7}.Debug|Any CPU.Build.0 = Debug|Any CPU
		{F0C9BA85-A9E6-468E-8BF0-461D381FB3C7}.Debug|x64.ActiveCfg = Debug|Any CPU
		{F0C9BA85-A9E6-468E-8BF0-461D381FB3C7}.Debug|x64.Build.0 = Debug|Any CPU
		{F0C9BA85-A9E6-468E-8BF0-461D381FB3C7}.Release|Any CPU.ActiveCfg = Release|Any CPU
		{F0C9BA85-A9E6-468E-8BF0-461D381FB3C7}.Release|Any CPU.Build.0 = Release|Any CPU
		{F0C9BA85-A9E6-468E-8BF0-461D381FB3C7}.Release|x64.ActiveCfg = Release|Any CPU
		{F0C9BA85-A9E6-468E-8BF0-461D381FB3C7}.Release|x64.Build.0 = Release|Any CPU
		{009AC356-581F-45E3-9EF6-6FC7DB3CFC2D}.Debug|Any CPU.ActiveCfg = Debug|Any CPU
		{009AC356-581F-45E3-9EF6-6FC7DB3CFC2D}.Debug|Any CPU.Build.0 = Debug|Any CPU
		{009AC356-581F-45E3-9EF6-6FC7DB3CFC2D}.Debug|x64.ActiveCfg = Debug|Any CPU
		{009AC356-581F-45E3-9EF6-6FC7DB3CFC2D}.Debug|x64.Build.0 = Debug|Any CPU
		{009AC356-581F-45E3-9EF6-6FC7DB3CFC2D}.Release|Any CPU.ActiveCfg = Release|Any CPU
		{009AC356-581F-45E3-9EF6-6FC7DB3CFC2D}.Release|Any CPU.Build.0 = Release|Any CPU
		{009AC356-581F-45E3-9EF6-6FC7DB3CFC2D}.Release|x64.ActiveCfg = Release|Any CPU
		{009AC356-581F-45E3-9EF6-6FC7DB3CFC2D}.Release|x64.Build.0 = Release|Any CPU
		{1ADD36D9-EE3C-4EE4-8AD8-1B8DB41E9869}.Debug|Any CPU.ActiveCfg = Debug|Any CPU
		{1ADD36D9-EE3C-4EE4-8AD8-1B8DB41E9869}.Debug|Any CPU.Build.0 = Debug|Any CPU
		{1ADD36D9-EE3C-4EE4-8AD8-1B8DB41E9869}.Debug|x64.ActiveCfg = Debug|Any CPU
		{1ADD36D9-EE3C-4EE4-8AD8-1B8DB41E9869}.Debug|x64.Build.0 = Debug|Any CPU
		{1ADD36D9-EE3C-4EE4-8AD8-1B8DB41E9869}.Release|Any CPU.ActiveCfg = Release|Any CPU
		{1ADD36D9-EE3C-4EE4-8AD8-1B8DB41E9869}.Release|Any CPU.Build.0 = Release|Any CPU
		{1ADD36D9-EE3C-4EE4-8AD8-1B8DB41E9869}.Release|x64.ActiveCfg = Release|Any CPU
		{1ADD36D9-EE3C-4EE4-8AD8-1B8DB41E9869}.Release|x64.Build.0 = Release|Any CPU
		{6B344FBE-E62C-4EA5-93B2-6B41562DF1CE}.Debug|Any CPU.ActiveCfg = Debug|Any CPU
		{6B344FBE-E62C-4EA5-93B2-6B41562DF1CE}.Debug|Any CPU.Build.0 = Debug|Any CPU
		{6B344FBE-E62C-4EA5-93B2-6B41562DF1CE}.Debug|x64.ActiveCfg = Debug|Any CPU
		{6B344FBE-E62C-4EA5-93B2-6B41562DF1CE}.Debug|x64.Build.0 = Debug|Any CPU
		{6B344FBE-E62C-4EA5-93B2-6B41562DF1CE}.Release|Any CPU.ActiveCfg = Release|Any CPU
		{6B344FBE-E62C-4EA5-93B2-6B41562DF1CE}.Release|Any CPU.Build.0 = Release|Any CPU
		{6B344FBE-E62C-4EA5-93B2-6B41562DF1CE}.Release|x64.ActiveCfg = Release|Any CPU
		{6B344FBE-E62C-4EA5-93B2-6B41562DF1CE}.Release|x64.Build.0 = Release|Any CPU
		{39E1DAD7-BF1A-4167-946C-8473840B9C46}.Debug|Any CPU.ActiveCfg = Debug|Any CPU
		{39E1DAD7-BF1A-4167-946C-8473840B9C46}.Debug|Any CPU.Build.0 = Debug|Any CPU
		{39E1DAD7-BF1A-4167-946C-8473840B9C46}.Debug|x64.ActiveCfg = Debug|Any CPU
		{39E1DAD7-BF1A-4167-946C-8473840B9C46}.Debug|x64.Build.0 = Debug|Any CPU
		{39E1DAD7-BF1A-4167-946C-8473840B9C46}.Release|Any CPU.ActiveCfg = Release|Any CPU
		{39E1DAD7-BF1A-4167-946C-8473840B9C46}.Release|Any CPU.Build.0 = Release|Any CPU
		{39E1DAD7-BF1A-4167-946C-8473840B9C46}.Release|x64.ActiveCfg = Release|Any CPU
		{39E1DAD7-BF1A-4167-946C-8473840B9C46}.Release|x64.Build.0 = Release|Any CPU
		{5D91CC69-6C80-4056-944E-B27D87EF9855}.Debug|Any CPU.ActiveCfg = Debug|Any CPU
		{5D91CC69-6C80-4056-944E-B27D87EF9855}.Debug|Any CPU.Build.0 = Debug|Any CPU
		{5D91CC69-6C80-4056-944E-B27D87EF9855}.Debug|x64.ActiveCfg = Debug|Any CPU
		{5D91CC69-6C80-4056-944E-B27D87EF9855}.Debug|x64.Build.0 = Debug|Any CPU
		{5D91CC69-6C80-4056-944E-B27D87EF9855}.Release|Any CPU.ActiveCfg = Release|Any CPU
		{5D91CC69-6C80-4056-944E-B27D87EF9855}.Release|Any CPU.Build.0 = Release|Any CPU
		{5D91CC69-6C80-4056-944E-B27D87EF9855}.Release|x64.ActiveCfg = Release|Any CPU
		{5D91CC69-6C80-4056-944E-B27D87EF9855}.Release|x64.Build.0 = Release|Any CPU
		{13E2DD42-121F-4F6D-A9A5-CEC2B745629A}.Debug|Any CPU.ActiveCfg = Debug|Any CPU
		{13E2DD42-121F-4F6D-A9A5-CEC2B745629A}.Debug|Any CPU.Build.0 = Debug|Any CPU
		{13E2DD42-121F-4F6D-A9A5-CEC2B745629A}.Debug|x64.ActiveCfg = Debug|Any CPU
		{13E2DD42-121F-4F6D-A9A5-CEC2B745629A}.Debug|x64.Build.0 = Debug|Any CPU
		{13E2DD42-121F-4F6D-A9A5-CEC2B745629A}.Release|Any CPU.ActiveCfg = Release|Any CPU
		{13E2DD42-121F-4F6D-A9A5-CEC2B745629A}.Release|Any CPU.Build.0 = Release|Any CPU
		{13E2DD42-121F-4F6D-A9A5-CEC2B745629A}.Release|x64.ActiveCfg = Release|Any CPU
		{13E2DD42-121F-4F6D-A9A5-CEC2B745629A}.Release|x64.Build.0 = Release|Any CPU
		{65270C45-DA0A-4DDD-AAC9-4390B9C998CB}.Debug|Any CPU.ActiveCfg = Debug|Any CPU
		{65270C45-DA0A-4DDD-AAC9-4390B9C998CB}.Debug|Any CPU.Build.0 = Debug|Any CPU
		{65270C45-DA0A-4DDD-AAC9-4390B9C998CB}.Debug|x64.ActiveCfg = Debug|Any CPU
		{65270C45-DA0A-4DDD-AAC9-4390B9C998CB}.Debug|x64.Build.0 = Debug|Any CPU
		{65270C45-DA0A-4DDD-AAC9-4390B9C998CB}.Release|Any CPU.ActiveCfg = Release|Any CPU
		{65270C45-DA0A-4DDD-AAC9-4390B9C998CB}.Release|Any CPU.Build.0 = Release|Any CPU
		{65270C45-DA0A-4DDD-AAC9-4390B9C998CB}.Release|x64.ActiveCfg = Release|Any CPU
		{65270C45-DA0A-4DDD-AAC9-4390B9C998CB}.Release|x64.Build.0 = Release|Any CPU
		{4BAFF487-9DCA-4975-BD22-CFDCFBDB4FE1}.Debug|Any CPU.ActiveCfg = Debug|Any CPU
		{4BAFF487-9DCA-4975-BD22-CFDCFBDB4FE1}.Debug|Any CPU.Build.0 = Debug|Any CPU
		{4BAFF487-9DCA-4975-BD22-CFDCFBDB4FE1}.Debug|x64.ActiveCfg = Debug|Any CPU
		{4BAFF487-9DCA-4975-BD22-CFDCFBDB4FE1}.Debug|x64.Build.0 = Debug|Any CPU
		{4BAFF487-9DCA-4975-BD22-CFDCFBDB4FE1}.Release|Any CPU.ActiveCfg = Release|Any CPU
		{4BAFF487-9DCA-4975-BD22-CFDCFBDB4FE1}.Release|Any CPU.Build.0 = Release|Any CPU
		{4BAFF487-9DCA-4975-BD22-CFDCFBDB4FE1}.Release|x64.ActiveCfg = Release|Any CPU
		{4BAFF487-9DCA-4975-BD22-CFDCFBDB4FE1}.Release|x64.Build.0 = Release|Any CPU
		{20627AE7-86E6-4001-8F25-4F376FED2A86}.Debug|Any CPU.ActiveCfg = Debug|Any CPU
		{20627AE7-86E6-4001-8F25-4F376FED2A86}.Debug|Any CPU.Build.0 = Debug|Any CPU
		{20627AE7-86E6-4001-8F25-4F376FED2A86}.Debug|x64.ActiveCfg = Debug|Any CPU
		{20627AE7-86E6-4001-8F25-4F376FED2A86}.Debug|x64.Build.0 = Debug|Any CPU
		{20627AE7-86E6-4001-8F25-4F376FED2A86}.Release|Any CPU.ActiveCfg = Release|Any CPU
		{20627AE7-86E6-4001-8F25-4F376FED2A86}.Release|Any CPU.Build.0 = Release|Any CPU
		{20627AE7-86E6-4001-8F25-4F376FED2A86}.Release|x64.ActiveCfg = Release|Any CPU
		{20627AE7-86E6-4001-8F25-4F376FED2A86}.Release|x64.Build.0 = Release|Any CPU
		{63046217-60D4-48F3-9A80-8D8D73AB67F3}.Debug|Any CPU.ActiveCfg = Debug|Any CPU
		{63046217-60D4-48F3-9A80-8D8D73AB67F3}.Debug|Any CPU.Build.0 = Debug|Any CPU
		{63046217-60D4-48F3-9A80-8D8D73AB67F3}.Debug|x64.ActiveCfg = Debug|Any CPU
		{63046217-60D4-48F3-9A80-8D8D73AB67F3}.Debug|x64.Build.0 = Debug|Any CPU
		{63046217-60D4-48F3-9A80-8D8D73AB67F3}.Release|Any CPU.ActiveCfg = Release|Any CPU
		{63046217-60D4-48F3-9A80-8D8D73AB67F3}.Release|Any CPU.Build.0 = Release|Any CPU
		{63046217-60D4-48F3-9A80-8D8D73AB67F3}.Release|x64.ActiveCfg = Release|Any CPU
		{63046217-60D4-48F3-9A80-8D8D73AB67F3}.Release|x64.Build.0 = Release|Any CPU
		{5928E6D4-B0E3-4930-9F76-D15AA08D8002}.Debug|Any CPU.ActiveCfg = Debug|Any CPU
		{5928E6D4-B0E3-4930-9F76-D15AA08D8002}.Debug|Any CPU.Build.0 = Debug|Any CPU
		{5928E6D4-B0E3-4930-9F76-D15AA08D8002}.Debug|x64.ActiveCfg = Debug|Any CPU
		{5928E6D4-B0E3-4930-9F76-D15AA08D8002}.Debug|x64.Build.0 = Debug|Any CPU
		{5928E6D4-B0E3-4930-9F76-D15AA08D8002}.Release|Any CPU.ActiveCfg = Release|Any CPU
		{5928E6D4-B0E3-4930-9F76-D15AA08D8002}.Release|Any CPU.Build.0 = Release|Any CPU
		{5928E6D4-B0E3-4930-9F76-D15AA08D8002}.Release|x64.ActiveCfg = Release|Any CPU
		{5928E6D4-B0E3-4930-9F76-D15AA08D8002}.Release|x64.Build.0 = Release|Any CPU
		{1909DE91-F9B0-40BC-9C02-DE82A628BBE7}.Debug|Any CPU.ActiveCfg = Debug|Any CPU
		{1909DE91-F9B0-40BC-9C02-DE82A628BBE7}.Debug|Any CPU.Build.0 = Debug|Any CPU
		{1909DE91-F9B0-40BC-9C02-DE82A628BBE7}.Debug|x64.ActiveCfg = Debug|Any CPU
		{1909DE91-F9B0-40BC-9C02-DE82A628BBE7}.Debug|x64.Build.0 = Debug|Any CPU
		{1909DE91-F9B0-40BC-9C02-DE82A628BBE7}.Release|Any CPU.ActiveCfg = Release|Any CPU
		{1909DE91-F9B0-40BC-9C02-DE82A628BBE7}.Release|Any CPU.Build.0 = Release|Any CPU
		{1909DE91-F9B0-40BC-9C02-DE82A628BBE7}.Release|x64.ActiveCfg = Release|Any CPU
		{1909DE91-F9B0-40BC-9C02-DE82A628BBE7}.Release|x64.Build.0 = Release|Any CPU
		{2D261ABE-20A6-4223-B20C-88F45C0ECB04}.Debug|Any CPU.ActiveCfg = Debug|Any CPU
		{2D261ABE-20A6-4223-B20C-88F45C0ECB04}.Debug|Any CPU.Build.0 = Debug|Any CPU
		{2D261ABE-20A6-4223-B20C-88F45C0ECB04}.Debug|x64.ActiveCfg = Debug|Any CPU
		{2D261ABE-20A6-4223-B20C-88F45C0ECB04}.Debug|x64.Build.0 = Debug|Any CPU
		{2D261ABE-20A6-4223-B20C-88F45C0ECB04}.Release|Any CPU.ActiveCfg = Release|Any CPU
		{2D261ABE-20A6-4223-B20C-88F45C0ECB04}.Release|Any CPU.Build.0 = Release|Any CPU
		{2D261ABE-20A6-4223-B20C-88F45C0ECB04}.Release|x64.ActiveCfg = Release|Any CPU
		{2D261ABE-20A6-4223-B20C-88F45C0ECB04}.Release|x64.Build.0 = Release|Any CPU
		{9365F2D0-20DB-4B8B-9374-33E4B0D1A2CA}.Debug|Any CPU.ActiveCfg = Debug|Any CPU
		{9365F2D0-20DB-4B8B-9374-33E4B0D1A2CA}.Debug|Any CPU.Build.0 = Debug|Any CPU
		{9365F2D0-20DB-4B8B-9374-33E4B0D1A2CA}.Debug|x64.ActiveCfg = Debug|Any CPU
		{9365F2D0-20DB-4B8B-9374-33E4B0D1A2CA}.Debug|x64.Build.0 = Debug|Any CPU
		{9365F2D0-20DB-4B8B-9374-33E4B0D1A2CA}.Release|Any CPU.ActiveCfg = Release|Any CPU
		{9365F2D0-20DB-4B8B-9374-33E4B0D1A2CA}.Release|Any CPU.Build.0 = Release|Any CPU
		{9365F2D0-20DB-4B8B-9374-33E4B0D1A2CA}.Release|x64.ActiveCfg = Release|Any CPU
		{9365F2D0-20DB-4B8B-9374-33E4B0D1A2CA}.Release|x64.Build.0 = Release|Any CPU
		{9689713B-7629-414E-965B-1E0A349DF5A3}.Debug|Any CPU.ActiveCfg = Debug|Any CPU
		{9689713B-7629-414E-965B-1E0A349DF5A3}.Debug|Any CPU.Build.0 = Debug|Any CPU
		{9689713B-7629-414E-965B-1E0A349DF5A3}.Debug|x64.ActiveCfg = Debug|Any CPU
		{9689713B-7629-414E-965B-1E0A349DF5A3}.Debug|x64.Build.0 = Debug|Any CPU
		{9689713B-7629-414E-965B-1E0A349DF5A3}.Release|Any CPU.ActiveCfg = Release|Any CPU
		{9689713B-7629-414E-965B-1E0A349DF5A3}.Release|Any CPU.Build.0 = Release|Any CPU
		{9689713B-7629-414E-965B-1E0A349DF5A3}.Release|x64.ActiveCfg = Release|Any CPU
		{9689713B-7629-414E-965B-1E0A349DF5A3}.Release|x64.Build.0 = Release|Any CPU
		{81EC4F11-006F-4E95-BEBB-9353B7EDDEE0}.Debug|Any CPU.ActiveCfg = Debug|Any CPU
		{81EC4F11-006F-4E95-BEBB-9353B7EDDEE0}.Debug|Any CPU.Build.0 = Debug|Any CPU
		{81EC4F11-006F-4E95-BEBB-9353B7EDDEE0}.Debug|x64.ActiveCfg = Debug|Any CPU
		{81EC4F11-006F-4E95-BEBB-9353B7EDDEE0}.Debug|x64.Build.0 = Debug|Any CPU
		{81EC4F11-006F-4E95-BEBB-9353B7EDDEE0}.Release|Any CPU.ActiveCfg = Release|Any CPU
		{81EC4F11-006F-4E95-BEBB-9353B7EDDEE0}.Release|Any CPU.Build.0 = Release|Any CPU
		{81EC4F11-006F-4E95-BEBB-9353B7EDDEE0}.Release|x64.ActiveCfg = Release|Any CPU
		{81EC4F11-006F-4E95-BEBB-9353B7EDDEE0}.Release|x64.Build.0 = Release|Any CPU
		{2B2AE79B-A1A1-44CA-9E46-CED77EA327AA}.Debug|Any CPU.ActiveCfg = Debug|Any CPU
		{2B2AE79B-A1A1-44CA-9E46-CED77EA327AA}.Debug|Any CPU.Build.0 = Debug|Any CPU
		{2B2AE79B-A1A1-44CA-9E46-CED77EA327AA}.Debug|x64.ActiveCfg = Debug|Any CPU
		{2B2AE79B-A1A1-44CA-9E46-CED77EA327AA}.Debug|x64.Build.0 = Debug|Any CPU
		{2B2AE79B-A1A1-44CA-9E46-CED77EA327AA}.Release|Any CPU.ActiveCfg = Release|Any CPU
		{2B2AE79B-A1A1-44CA-9E46-CED77EA327AA}.Release|Any CPU.Build.0 = Release|Any CPU
		{2B2AE79B-A1A1-44CA-9E46-CED77EA327AA}.Release|x64.ActiveCfg = Release|Any CPU
		{2B2AE79B-A1A1-44CA-9E46-CED77EA327AA}.Release|x64.Build.0 = Release|Any CPU
		{13589BB3-967B-4E14-B3D7-FB7B88930D29}.Debug|Any CPU.ActiveCfg = Debug|Any CPU
		{13589BB3-967B-4E14-B3D7-FB7B88930D29}.Debug|Any CPU.Build.0 = Debug|Any CPU
		{13589BB3-967B-4E14-B3D7-FB7B88930D29}.Debug|x64.ActiveCfg = Debug|Any CPU
		{13589BB3-967B-4E14-B3D7-FB7B88930D29}.Debug|x64.Build.0 = Debug|Any CPU
		{13589BB3-967B-4E14-B3D7-FB7B88930D29}.Release|Any CPU.ActiveCfg = Release|Any CPU
		{13589BB3-967B-4E14-B3D7-FB7B88930D29}.Release|Any CPU.Build.0 = Release|Any CPU
		{13589BB3-967B-4E14-B3D7-FB7B88930D29}.Release|x64.ActiveCfg = Release|Any CPU
		{13589BB3-967B-4E14-B3D7-FB7B88930D29}.Release|x64.Build.0 = Release|Any CPU
		{33BA7383-6A4C-4E27-888A-950C8691E049}.Debug|Any CPU.ActiveCfg = Debug|Any CPU
		{33BA7383-6A4C-4E27-888A-950C8691E049}.Debug|Any CPU.Build.0 = Debug|Any CPU
		{33BA7383-6A4C-4E27-888A-950C8691E049}.Debug|x64.ActiveCfg = Debug|Any CPU
		{33BA7383-6A4C-4E27-888A-950C8691E049}.Debug|x64.Build.0 = Debug|Any CPU
		{33BA7383-6A4C-4E27-888A-950C8691E049}.Release|Any CPU.ActiveCfg = Release|Any CPU
		{33BA7383-6A4C-4E27-888A-950C8691E049}.Release|Any CPU.Build.0 = Release|Any CPU
		{33BA7383-6A4C-4E27-888A-950C8691E049}.Release|x64.ActiveCfg = Release|Any CPU
		{33BA7383-6A4C-4E27-888A-950C8691E049}.Release|x64.Build.0 = Release|Any CPU
		{211481AF-38E2-494F-89D4-0DE549B08EA9}.Debug|Any CPU.ActiveCfg = Debug|Any CPU
		{211481AF-38E2-494F-89D4-0DE549B08EA9}.Debug|Any CPU.Build.0 = Debug|Any CPU
		{211481AF-38E2-494F-89D4-0DE549B08EA9}.Debug|x64.ActiveCfg = Debug|Any CPU
		{211481AF-38E2-494F-89D4-0DE549B08EA9}.Debug|x64.Build.0 = Debug|Any CPU
		{211481AF-38E2-494F-89D4-0DE549B08EA9}.Release|Any CPU.ActiveCfg = Release|Any CPU
		{211481AF-38E2-494F-89D4-0DE549B08EA9}.Release|Any CPU.Build.0 = Release|Any CPU
		{211481AF-38E2-494F-89D4-0DE549B08EA9}.Release|x64.ActiveCfg = Release|Any CPU
		{211481AF-38E2-494F-89D4-0DE549B08EA9}.Release|x64.Build.0 = Release|Any CPU
		{8990E7B5-3F03-4BA9-BCE5-331174859C48}.Debug|Any CPU.ActiveCfg = Debug|Any CPU
		{8990E7B5-3F03-4BA9-BCE5-331174859C48}.Debug|Any CPU.Build.0 = Debug|Any CPU
		{8990E7B5-3F03-4BA9-BCE5-331174859C48}.Debug|x64.ActiveCfg = Debug|Any CPU
		{8990E7B5-3F03-4BA9-BCE5-331174859C48}.Debug|x64.Build.0 = Debug|Any CPU
		{8990E7B5-3F03-4BA9-BCE5-331174859C48}.Release|Any CPU.ActiveCfg = Release|Any CPU
		{8990E7B5-3F03-4BA9-BCE5-331174859C48}.Release|Any CPU.Build.0 = Release|Any CPU
		{8990E7B5-3F03-4BA9-BCE5-331174859C48}.Release|x64.ActiveCfg = Release|Any CPU
		{8990E7B5-3F03-4BA9-BCE5-331174859C48}.Release|x64.Build.0 = Release|Any CPU
		{E2C94356-327C-46F6-9BFB-5443BB2F79F5}.Debug|Any CPU.ActiveCfg = Debug|Any CPU
		{E2C94356-327C-46F6-9BFB-5443BB2F79F5}.Debug|Any CPU.Build.0 = Debug|Any CPU
		{E2C94356-327C-46F6-9BFB-5443BB2F79F5}.Debug|x64.ActiveCfg = Debug|Any CPU
		{E2C94356-327C-46F6-9BFB-5443BB2F79F5}.Debug|x64.Build.0 = Debug|Any CPU
		{E2C94356-327C-46F6-9BFB-5443BB2F79F5}.Release|Any CPU.ActiveCfg = Release|Any CPU
		{E2C94356-327C-46F6-9BFB-5443BB2F79F5}.Release|Any CPU.Build.0 = Release|Any CPU
		{E2C94356-327C-46F6-9BFB-5443BB2F79F5}.Release|x64.ActiveCfg = Release|Any CPU
		{E2C94356-327C-46F6-9BFB-5443BB2F79F5}.Release|x64.Build.0 = Release|Any CPU
		{7C06D570-5236-67C0-200D-EFEA42F6ED6E}.Debug|Any CPU.ActiveCfg = Debug|Any CPU
		{7C06D570-5236-67C0-200D-EFEA42F6ED6E}.Debug|Any CPU.Build.0 = Debug|Any CPU
		{7C06D570-5236-67C0-200D-EFEA42F6ED6E}.Debug|x64.ActiveCfg = Debug|Any CPU
		{7C06D570-5236-67C0-200D-EFEA42F6ED6E}.Debug|x64.Build.0 = Debug|Any CPU
		{7C06D570-5236-67C0-200D-EFEA42F6ED6E}.Release|Any CPU.ActiveCfg = Release|Any CPU
		{7C06D570-5236-67C0-200D-EFEA42F6ED6E}.Release|Any CPU.Build.0 = Release|Any CPU
		{7C06D570-5236-67C0-200D-EFEA42F6ED6E}.Release|x64.ActiveCfg = Release|Any CPU
		{7C06D570-5236-67C0-200D-EFEA42F6ED6E}.Release|x64.Build.0 = Release|Any CPU
		{D589C9D2-25B2-97EF-C106-318F1C56DB7D}.Debug|Any CPU.ActiveCfg = Debug|Any CPU
		{D589C9D2-25B2-97EF-C106-318F1C56DB7D}.Debug|Any CPU.Build.0 = Debug|Any CPU
		{D589C9D2-25B2-97EF-C106-318F1C56DB7D}.Debug|x64.ActiveCfg = Debug|Any CPU
		{D589C9D2-25B2-97EF-C106-318F1C56DB7D}.Debug|x64.Build.0 = Debug|Any CPU
		{D589C9D2-25B2-97EF-C106-318F1C56DB7D}.Release|Any CPU.ActiveCfg = Release|Any CPU
		{D589C9D2-25B2-97EF-C106-318F1C56DB7D}.Release|Any CPU.Build.0 = Release|Any CPU
		{D589C9D2-25B2-97EF-C106-318F1C56DB7D}.Release|x64.ActiveCfg = Release|Any CPU
		{D589C9D2-25B2-97EF-C106-318F1C56DB7D}.Release|x64.Build.0 = Release|Any CPU
		{BA3B5C5E-D6A4-39ED-6760-036CDB62E249}.Debug|Any CPU.ActiveCfg = Debug|Any CPU
		{BA3B5C5E-D6A4-39ED-6760-036CDB62E249}.Debug|Any CPU.Build.0 = Debug|Any CPU
		{BA3B5C5E-D6A4-39ED-6760-036CDB62E249}.Debug|x64.ActiveCfg = Debug|Any CPU
		{BA3B5C5E-D6A4-39ED-6760-036CDB62E249}.Debug|x64.Build.0 = Debug|Any CPU
		{BA3B5C5E-D6A4-39ED-6760-036CDB62E249}.Release|Any CPU.ActiveCfg = Release|Any CPU
		{BA3B5C5E-D6A4-39ED-6760-036CDB62E249}.Release|Any CPU.Build.0 = Release|Any CPU
		{BA3B5C5E-D6A4-39ED-6760-036CDB62E249}.Release|x64.ActiveCfg = Release|Any CPU
		{BA3B5C5E-D6A4-39ED-6760-036CDB62E249}.Release|x64.Build.0 = Release|Any CPU
		{18BD8ADB-3452-487D-9D7F-615C2A544EDC}.Debug|Any CPU.ActiveCfg = Debug|Any CPU
		{18BD8ADB-3452-487D-9D7F-615C2A544EDC}.Debug|Any CPU.Build.0 = Debug|Any CPU
		{18BD8ADB-3452-487D-9D7F-615C2A544EDC}.Debug|x64.ActiveCfg = Debug|Any CPU
		{18BD8ADB-3452-487D-9D7F-615C2A544EDC}.Debug|x64.Build.0 = Debug|Any CPU
		{18BD8ADB-3452-487D-9D7F-615C2A544EDC}.Release|Any CPU.ActiveCfg = Release|Any CPU
		{18BD8ADB-3452-487D-9D7F-615C2A544EDC}.Release|Any CPU.Build.0 = Release|Any CPU
		{18BD8ADB-3452-487D-9D7F-615C2A544EDC}.Release|x64.ActiveCfg = Release|Any CPU
		{18BD8ADB-3452-487D-9D7F-615C2A544EDC}.Release|x64.Build.0 = Release|Any CPU
		{6EF7678A-A725-F430-3097-30F090C0100A}.Debug|Any CPU.ActiveCfg = Debug|Any CPU
		{6EF7678A-A725-F430-3097-30F090C0100A}.Debug|Any CPU.Build.0 = Debug|Any CPU
		{6EF7678A-A725-F430-3097-30F090C0100A}.Debug|x64.ActiveCfg = Debug|Any CPU
		{6EF7678A-A725-F430-3097-30F090C0100A}.Debug|x64.Build.0 = Debug|Any CPU
		{6EF7678A-A725-F430-3097-30F090C0100A}.Release|Any CPU.ActiveCfg = Release|Any CPU
		{6EF7678A-A725-F430-3097-30F090C0100A}.Release|Any CPU.Build.0 = Release|Any CPU
		{6EF7678A-A725-F430-3097-30F090C0100A}.Release|x64.ActiveCfg = Release|Any CPU
		{6EF7678A-A725-F430-3097-30F090C0100A}.Release|x64.Build.0 = Release|Any CPU
		{010D0C11-D6A2-3CA6-3281-4E0FD547EC2D}.Debug|Any CPU.ActiveCfg = Debug|Any CPU
		{010D0C11-D6A2-3CA6-3281-4E0FD547EC2D}.Debug|Any CPU.Build.0 = Debug|Any CPU
		{010D0C11-D6A2-3CA6-3281-4E0FD547EC2D}.Debug|x64.ActiveCfg = Debug|Any CPU
		{010D0C11-D6A2-3CA6-3281-4E0FD547EC2D}.Debug|x64.Build.0 = Debug|Any CPU
		{010D0C11-D6A2-3CA6-3281-4E0FD547EC2D}.Release|Any CPU.ActiveCfg = Release|Any CPU
		{010D0C11-D6A2-3CA6-3281-4E0FD547EC2D}.Release|Any CPU.Build.0 = Release|Any CPU
		{010D0C11-D6A2-3CA6-3281-4E0FD547EC2D}.Release|x64.ActiveCfg = Release|Any CPU
		{010D0C11-D6A2-3CA6-3281-4E0FD547EC2D}.Release|x64.Build.0 = Release|Any CPU
		{77D22A6D-48CE-D50A-EDB6-272D0BC9EE0A}.Debug|Any CPU.ActiveCfg = Debug|Any CPU
		{77D22A6D-48CE-D50A-EDB6-272D0BC9EE0A}.Debug|Any CPU.Build.0 = Debug|Any CPU
		{77D22A6D-48CE-D50A-EDB6-272D0BC9EE0A}.Debug|x64.ActiveCfg = Debug|Any CPU
		{77D22A6D-48CE-D50A-EDB6-272D0BC9EE0A}.Debug|x64.Build.0 = Debug|Any CPU
		{77D22A6D-48CE-D50A-EDB6-272D0BC9EE0A}.Release|Any CPU.ActiveCfg = Release|Any CPU
		{77D22A6D-48CE-D50A-EDB6-272D0BC9EE0A}.Release|Any CPU.Build.0 = Release|Any CPU
		{77D22A6D-48CE-D50A-EDB6-272D0BC9EE0A}.Release|x64.ActiveCfg = Release|Any CPU
		{77D22A6D-48CE-D50A-EDB6-272D0BC9EE0A}.Release|x64.Build.0 = Release|Any CPU
		{620ABE0D-EA03-4D37-9123-47FD0C03FCA3}.Debug|Any CPU.ActiveCfg = Debug|Any CPU
		{620ABE0D-EA03-4D37-9123-47FD0C03FCA3}.Debug|Any CPU.Build.0 = Debug|Any CPU
		{620ABE0D-EA03-4D37-9123-47FD0C03FCA3}.Debug|x64.ActiveCfg = Debug|Any CPU
		{620ABE0D-EA03-4D37-9123-47FD0C03FCA3}.Debug|x64.Build.0 = Debug|Any CPU
		{620ABE0D-EA03-4D37-9123-47FD0C03FCA3}.Release|Any CPU.ActiveCfg = Release|Any CPU
		{620ABE0D-EA03-4D37-9123-47FD0C03FCA3}.Release|Any CPU.Build.0 = Release|Any CPU
		{620ABE0D-EA03-4D37-9123-47FD0C03FCA3}.Release|x64.ActiveCfg = Release|Any CPU
		{620ABE0D-EA03-4D37-9123-47FD0C03FCA3}.Release|x64.Build.0 = Release|Any CPU
		{52442FBF-AB1E-12BC-8344-0695887AC3CB}.Debug|Any CPU.ActiveCfg = Debug|Any CPU
		{52442FBF-AB1E-12BC-8344-0695887AC3CB}.Debug|Any CPU.Build.0 = Debug|Any CPU
		{52442FBF-AB1E-12BC-8344-0695887AC3CB}.Debug|x64.ActiveCfg = Debug|Any CPU
		{52442FBF-AB1E-12BC-8344-0695887AC3CB}.Debug|x64.Build.0 = Debug|Any CPU
		{52442FBF-AB1E-12BC-8344-0695887AC3CB}.Release|Any CPU.ActiveCfg = Release|Any CPU
		{52442FBF-AB1E-12BC-8344-0695887AC3CB}.Release|Any CPU.Build.0 = Release|Any CPU
		{52442FBF-AB1E-12BC-8344-0695887AC3CB}.Release|x64.ActiveCfg = Release|Any CPU
		{52442FBF-AB1E-12BC-8344-0695887AC3CB}.Release|x64.Build.0 = Release|Any CPU
		{0B48C449-0B35-182D-2B8C-BFE6C8DF0359}.Debug|Any CPU.ActiveCfg = Debug|Any CPU
		{0B48C449-0B35-182D-2B8C-BFE6C8DF0359}.Debug|Any CPU.Build.0 = Debug|Any CPU
		{0B48C449-0B35-182D-2B8C-BFE6C8DF0359}.Debug|x64.ActiveCfg = Debug|Any CPU
		{0B48C449-0B35-182D-2B8C-BFE6C8DF0359}.Debug|x64.Build.0 = Debug|Any CPU
		{0B48C449-0B35-182D-2B8C-BFE6C8DF0359}.Release|Any CPU.ActiveCfg = Release|Any CPU
		{0B48C449-0B35-182D-2B8C-BFE6C8DF0359}.Release|Any CPU.Build.0 = Release|Any CPU
		{0B48C449-0B35-182D-2B8C-BFE6C8DF0359}.Release|x64.ActiveCfg = Release|Any CPU
		{0B48C449-0B35-182D-2B8C-BFE6C8DF0359}.Release|x64.Build.0 = Release|Any CPU
		{4109F16C-CC0F-746C-BB8C-6083813C958C}.Debug|Any CPU.ActiveCfg = Debug|Any CPU
		{4109F16C-CC0F-746C-BB8C-6083813C958C}.Debug|Any CPU.Build.0 = Debug|Any CPU
		{4109F16C-CC0F-746C-BB8C-6083813C958C}.Debug|x64.ActiveCfg = Debug|Any CPU
		{4109F16C-CC0F-746C-BB8C-6083813C958C}.Debug|x64.Build.0 = Debug|Any CPU
		{4109F16C-CC0F-746C-BB8C-6083813C958C}.Release|Any CPU.ActiveCfg = Release|Any CPU
		{4109F16C-CC0F-746C-BB8C-6083813C958C}.Release|Any CPU.Build.0 = Release|Any CPU
		{4109F16C-CC0F-746C-BB8C-6083813C958C}.Release|x64.ActiveCfg = Release|Any CPU
		{4109F16C-CC0F-746C-BB8C-6083813C958C}.Release|x64.Build.0 = Release|Any CPU
		{6C5C8E11-5C4E-7216-5310-F8D4870D4E3D}.Debug|Any CPU.ActiveCfg = Debug|Any CPU
		{6C5C8E11-5C4E-7216-5310-F8D4870D4E3D}.Debug|Any CPU.Build.0 = Debug|Any CPU
		{6C5C8E11-5C4E-7216-5310-F8D4870D4E3D}.Debug|x64.ActiveCfg = Debug|Any CPU
		{6C5C8E11-5C4E-7216-5310-F8D4870D4E3D}.Debug|x64.Build.0 = Debug|Any CPU
		{6C5C8E11-5C4E-7216-5310-F8D4870D4E3D}.Release|Any CPU.ActiveCfg = Release|Any CPU
		{6C5C8E11-5C4E-7216-5310-F8D4870D4E3D}.Release|Any CPU.Build.0 = Release|Any CPU
		{6C5C8E11-5C4E-7216-5310-F8D4870D4E3D}.Release|x64.ActiveCfg = Release|Any CPU
		{6C5C8E11-5C4E-7216-5310-F8D4870D4E3D}.Release|x64.Build.0 = Release|Any CPU
		{F01C3B69-9D05-4BEF-26EB-57BAD926097B}.Debug|Any CPU.ActiveCfg = Debug|Any CPU
		{F01C3B69-9D05-4BEF-26EB-57BAD926097B}.Debug|Any CPU.Build.0 = Debug|Any CPU
		{F01C3B69-9D05-4BEF-26EB-57BAD926097B}.Debug|x64.ActiveCfg = Debug|Any CPU
		{F01C3B69-9D05-4BEF-26EB-57BAD926097B}.Debug|x64.Build.0 = Debug|Any CPU
		{F01C3B69-9D05-4BEF-26EB-57BAD926097B}.Release|Any CPU.ActiveCfg = Release|Any CPU
		{F01C3B69-9D05-4BEF-26EB-57BAD926097B}.Release|Any CPU.Build.0 = Release|Any CPU
		{F01C3B69-9D05-4BEF-26EB-57BAD926097B}.Release|x64.ActiveCfg = Release|Any CPU
		{F01C3B69-9D05-4BEF-26EB-57BAD926097B}.Release|x64.Build.0 = Release|Any CPU
		{414DFFD5-4A0F-DD91-933A-D9585859A325}.Debug|Any CPU.ActiveCfg = Debug|Any CPU
		{414DFFD5-4A0F-DD91-933A-D9585859A325}.Debug|Any CPU.Build.0 = Debug|Any CPU
		{414DFFD5-4A0F-DD91-933A-D9585859A325}.Debug|x64.ActiveCfg = Debug|Any CPU
		{414DFFD5-4A0F-DD91-933A-D9585859A325}.Debug|x64.Build.0 = Debug|Any CPU
		{414DFFD5-4A0F-DD91-933A-D9585859A325}.Release|Any CPU.ActiveCfg = Release|Any CPU
		{414DFFD5-4A0F-DD91-933A-D9585859A325}.Release|Any CPU.Build.0 = Release|Any CPU
		{414DFFD5-4A0F-DD91-933A-D9585859A325}.Release|x64.ActiveCfg = Release|Any CPU
		{414DFFD5-4A0F-DD91-933A-D9585859A325}.Release|x64.Build.0 = Release|Any CPU
		{B34885F9-3E6C-4A81-BDAF-708950364C71}.Debug|Any CPU.ActiveCfg = Debug|Any CPU
		{B34885F9-3E6C-4A81-BDAF-708950364C71}.Debug|Any CPU.Build.0 = Debug|Any CPU
		{B34885F9-3E6C-4A81-BDAF-708950364C71}.Debug|x64.ActiveCfg = Debug|Any CPU
		{B34885F9-3E6C-4A81-BDAF-708950364C71}.Debug|x64.Build.0 = Debug|Any CPU
		{B34885F9-3E6C-4A81-BDAF-708950364C71}.Release|Any CPU.ActiveCfg = Release|Any CPU
		{B34885F9-3E6C-4A81-BDAF-708950364C71}.Release|Any CPU.Build.0 = Release|Any CPU
		{B34885F9-3E6C-4A81-BDAF-708950364C71}.Release|x64.ActiveCfg = Release|Any CPU
		{B34885F9-3E6C-4A81-BDAF-708950364C71}.Release|x64.Build.0 = Release|Any CPU
		{4FDFE1F8-2A42-4F64-B9C3-4C0C433BBF4F}.Debug|Any CPU.ActiveCfg = Debug|Any CPU
		{4FDFE1F8-2A42-4F64-B9C3-4C0C433BBF4F}.Debug|Any CPU.Build.0 = Debug|Any CPU
		{4FDFE1F8-2A42-4F64-B9C3-4C0C433BBF4F}.Debug|x64.ActiveCfg = Debug|Any CPU
		{4FDFE1F8-2A42-4F64-B9C3-4C0C433BBF4F}.Debug|x64.Build.0 = Debug|Any CPU
		{4FDFE1F8-2A42-4F64-B9C3-4C0C433BBF4F}.Release|Any CPU.ActiveCfg = Release|Any CPU
		{4FDFE1F8-2A42-4F64-B9C3-4C0C433BBF4F}.Release|Any CPU.Build.0 = Release|Any CPU
		{4FDFE1F8-2A42-4F64-B9C3-4C0C433BBF4F}.Release|x64.ActiveCfg = Release|Any CPU
		{4FDFE1F8-2A42-4F64-B9C3-4C0C433BBF4F}.Release|x64.Build.0 = Release|Any CPU
		{A0C2A8B5-7C9B-4830-A233-F86E410A9B32}.Debug|Any CPU.ActiveCfg = Debug|Any CPU
		{A0C2A8B5-7C9B-4830-A233-F86E410A9B32}.Debug|Any CPU.Build.0 = Debug|Any CPU
		{A0C2A8B5-7C9B-4830-A233-F86E410A9B32}.Debug|x64.ActiveCfg = Debug|Any CPU
		{A0C2A8B5-7C9B-4830-A233-F86E410A9B32}.Debug|x64.Build.0 = Debug|Any CPU
		{A0C2A8B5-7C9B-4830-A233-F86E410A9B32}.Release|Any CPU.ActiveCfg = Release|Any CPU
		{A0C2A8B5-7C9B-4830-A233-F86E410A9B32}.Release|Any CPU.Build.0 = Release|Any CPU
		{A0C2A8B5-7C9B-4830-A233-F86E410A9B32}.Release|x64.ActiveCfg = Release|Any CPU
		{A0C2A8B5-7C9B-4830-A233-F86E410A9B32}.Release|x64.Build.0 = Release|Any CPU
		{906DC04D-A213-4FE1-89ED-C5248048C59A}.Debug|Any CPU.ActiveCfg = Debug|Any CPU
		{906DC04D-A213-4FE1-89ED-C5248048C59A}.Debug|Any CPU.Build.0 = Debug|Any CPU
		{906DC04D-A213-4FE1-89ED-C5248048C59A}.Debug|x64.ActiveCfg = Debug|Any CPU
		{906DC04D-A213-4FE1-89ED-C5248048C59A}.Debug|x64.Build.0 = Debug|Any CPU
		{906DC04D-A213-4FE1-89ED-C5248048C59A}.Release|Any CPU.ActiveCfg = Release|Any CPU
		{906DC04D-A213-4FE1-89ED-C5248048C59A}.Release|Any CPU.Build.0 = Release|Any CPU
		{906DC04D-A213-4FE1-89ED-C5248048C59A}.Release|x64.ActiveCfg = Release|Any CPU
		{906DC04D-A213-4FE1-89ED-C5248048C59A}.Release|x64.Build.0 = Release|Any CPU
		{37005EAF-4701-46AA-BE92-CE65F2AE9AEC}.Debug|Any CPU.ActiveCfg = Debug|Any CPU
		{37005EAF-4701-46AA-BE92-CE65F2AE9AEC}.Debug|Any CPU.Build.0 = Debug|Any CPU
		{37005EAF-4701-46AA-BE92-CE65F2AE9AEC}.Debug|x64.ActiveCfg = Debug|Any CPU
		{37005EAF-4701-46AA-BE92-CE65F2AE9AEC}.Debug|x64.Build.0 = Debug|Any CPU
		{37005EAF-4701-46AA-BE92-CE65F2AE9AEC}.Release|Any CPU.ActiveCfg = Release|Any CPU
		{37005EAF-4701-46AA-BE92-CE65F2AE9AEC}.Release|Any CPU.Build.0 = Release|Any CPU
		{37005EAF-4701-46AA-BE92-CE65F2AE9AEC}.Release|x64.ActiveCfg = Release|Any CPU
		{37005EAF-4701-46AA-BE92-CE65F2AE9AEC}.Release|x64.Build.0 = Release|Any CPU
		{5303D2F3-3A52-43EE-AEF4-187BFF831C69}.Debug|Any CPU.ActiveCfg = Debug|Any CPU
		{5303D2F3-3A52-43EE-AEF4-187BFF831C69}.Debug|Any CPU.Build.0 = Debug|Any CPU
		{5303D2F3-3A52-43EE-AEF4-187BFF831C69}.Debug|x64.ActiveCfg = Debug|Any CPU
		{5303D2F3-3A52-43EE-AEF4-187BFF831C69}.Debug|x64.Build.0 = Debug|Any CPU
		{5303D2F3-3A52-43EE-AEF4-187BFF831C69}.Release|Any CPU.ActiveCfg = Release|Any CPU
		{5303D2F3-3A52-43EE-AEF4-187BFF831C69}.Release|Any CPU.Build.0 = Release|Any CPU
		{5303D2F3-3A52-43EE-AEF4-187BFF831C69}.Release|x64.ActiveCfg = Release|Any CPU
		{5303D2F3-3A52-43EE-AEF4-187BFF831C69}.Release|x64.Build.0 = Release|Any CPU
		{90EF2D30-88EC-4F9D-8106-67B26458F0D9}.Debug|Any CPU.ActiveCfg = Debug|Any CPU
		{90EF2D30-88EC-4F9D-8106-67B26458F0D9}.Debug|Any CPU.Build.0 = Debug|Any CPU
		{90EF2D30-88EC-4F9D-8106-67B26458F0D9}.Debug|x64.ActiveCfg = Debug|Any CPU
		{90EF2D30-88EC-4F9D-8106-67B26458F0D9}.Debug|x64.Build.0 = Debug|Any CPU
		{90EF2D30-88EC-4F9D-8106-67B26458F0D9}.Release|Any CPU.ActiveCfg = Release|Any CPU
		{90EF2D30-88EC-4F9D-8106-67B26458F0D9}.Release|Any CPU.Build.0 = Release|Any CPU
		{90EF2D30-88EC-4F9D-8106-67B26458F0D9}.Release|x64.ActiveCfg = Release|Any CPU
		{90EF2D30-88EC-4F9D-8106-67B26458F0D9}.Release|x64.Build.0 = Release|Any CPU
		{A584679A-EF9A-47A8-AACB-77C92FDAE1F1}.Debug|Any CPU.ActiveCfg = Debug|Any CPU
		{A584679A-EF9A-47A8-AACB-77C92FDAE1F1}.Debug|Any CPU.Build.0 = Debug|Any CPU
		{A584679A-EF9A-47A8-AACB-77C92FDAE1F1}.Debug|x64.ActiveCfg = Debug|Any CPU
		{A584679A-EF9A-47A8-AACB-77C92FDAE1F1}.Debug|x64.Build.0 = Debug|Any CPU
		{A584679A-EF9A-47A8-AACB-77C92FDAE1F1}.Release|Any CPU.ActiveCfg = Release|Any CPU
		{A584679A-EF9A-47A8-AACB-77C92FDAE1F1}.Release|Any CPU.Build.0 = Release|Any CPU
		{A584679A-EF9A-47A8-AACB-77C92FDAE1F1}.Release|x64.ActiveCfg = Release|Any CPU
		{A584679A-EF9A-47A8-AACB-77C92FDAE1F1}.Release|x64.Build.0 = Release|Any CPU
		{608C7ECB-C6D8-47EF-A4D7-DD53412EF75F}.Debug|Any CPU.ActiveCfg = Debug|Any CPU
		{608C7ECB-C6D8-47EF-A4D7-DD53412EF75F}.Debug|Any CPU.Build.0 = Debug|Any CPU
		{608C7ECB-C6D8-47EF-A4D7-DD53412EF75F}.Debug|x64.ActiveCfg = Debug|Any CPU
		{608C7ECB-C6D8-47EF-A4D7-DD53412EF75F}.Debug|x64.Build.0 = Debug|Any CPU
		{608C7ECB-C6D8-47EF-A4D7-DD53412EF75F}.Release|Any CPU.ActiveCfg = Release|Any CPU
		{608C7ECB-C6D8-47EF-A4D7-DD53412EF75F}.Release|Any CPU.Build.0 = Release|Any CPU
		{608C7ECB-C6D8-47EF-A4D7-DD53412EF75F}.Release|x64.ActiveCfg = Release|Any CPU
		{608C7ECB-C6D8-47EF-A4D7-DD53412EF75F}.Release|x64.Build.0 = Release|Any CPU
		{6DEA7C30-5F74-4F2F-9110-FA1A3C92050C}.Debug|Any CPU.ActiveCfg = Debug|Any CPU
		{6DEA7C30-5F74-4F2F-9110-FA1A3C92050C}.Debug|Any CPU.Build.0 = Debug|Any CPU
		{6DEA7C30-5F74-4F2F-9110-FA1A3C92050C}.Debug|x64.ActiveCfg = Debug|Any CPU
		{6DEA7C30-5F74-4F2F-9110-FA1A3C92050C}.Debug|x64.Build.0 = Debug|Any CPU
		{6DEA7C30-5F74-4F2F-9110-FA1A3C92050C}.Release|Any CPU.ActiveCfg = Release|Any CPU
		{6DEA7C30-5F74-4F2F-9110-FA1A3C92050C}.Release|Any CPU.Build.0 = Release|Any CPU
		{6DEA7C30-5F74-4F2F-9110-FA1A3C92050C}.Release|x64.ActiveCfg = Release|Any CPU
		{6DEA7C30-5F74-4F2F-9110-FA1A3C92050C}.Release|x64.Build.0 = Release|Any CPU
		{E10E3764-E287-4A05-8484-0E9BA9F09CBD}.Debug|Any CPU.ActiveCfg = Debug|Any CPU
		{E10E3764-E287-4A05-8484-0E9BA9F09CBD}.Debug|Any CPU.Build.0 = Debug|Any CPU
		{E10E3764-E287-4A05-8484-0E9BA9F09CBD}.Debug|x64.ActiveCfg = Debug|Any CPU
		{E10E3764-E287-4A05-8484-0E9BA9F09CBD}.Debug|x64.Build.0 = Debug|Any CPU
		{E10E3764-E287-4A05-8484-0E9BA9F09CBD}.Release|Any CPU.ActiveCfg = Release|Any CPU
		{E10E3764-E287-4A05-8484-0E9BA9F09CBD}.Release|Any CPU.Build.0 = Release|Any CPU
		{E10E3764-E287-4A05-8484-0E9BA9F09CBD}.Release|x64.ActiveCfg = Release|Any CPU
		{E10E3764-E287-4A05-8484-0E9BA9F09CBD}.Release|x64.Build.0 = Release|Any CPU
		{D358657C-DA26-40AD-937F-025C30A558DF}.Debug|Any CPU.ActiveCfg = Debug|Any CPU
		{D358657C-DA26-40AD-937F-025C30A558DF}.Debug|Any CPU.Build.0 = Debug|Any CPU
		{D358657C-DA26-40AD-937F-025C30A558DF}.Debug|x64.ActiveCfg = Debug|Any CPU
		{D358657C-DA26-40AD-937F-025C30A558DF}.Debug|x64.Build.0 = Debug|Any CPU
		{D358657C-DA26-40AD-937F-025C30A558DF}.Release|Any CPU.ActiveCfg = Release|Any CPU
		{D358657C-DA26-40AD-937F-025C30A558DF}.Release|Any CPU.Build.0 = Release|Any CPU
		{D358657C-DA26-40AD-937F-025C30A558DF}.Release|x64.ActiveCfg = Release|Any CPU
		{D358657C-DA26-40AD-937F-025C30A558DF}.Release|x64.Build.0 = Release|Any CPU
		{C3BDE238-2591-4C6E-A9FA-8D7148D35FBA}.Debug|Any CPU.ActiveCfg = Debug|Any CPU
		{C3BDE238-2591-4C6E-A9FA-8D7148D35FBA}.Debug|Any CPU.Build.0 = Debug|Any CPU
		{C3BDE238-2591-4C6E-A9FA-8D7148D35FBA}.Debug|x64.ActiveCfg = Debug|Any CPU
		{C3BDE238-2591-4C6E-A9FA-8D7148D35FBA}.Debug|x64.Build.0 = Debug|Any CPU
		{C3BDE238-2591-4C6E-A9FA-8D7148D35FBA}.Release|Any CPU.ActiveCfg = Release|Any CPU
		{C3BDE238-2591-4C6E-A9FA-8D7148D35FBA}.Release|Any CPU.Build.0 = Release|Any CPU
		{C3BDE238-2591-4C6E-A9FA-8D7148D35FBA}.Release|x64.ActiveCfg = Release|Any CPU
		{C3BDE238-2591-4C6E-A9FA-8D7148D35FBA}.Release|x64.Build.0 = Release|Any CPU
		{9AC88690-78FE-4F45-BAA6-DF7504BB011E}.Debug|Any CPU.ActiveCfg = Debug|Any CPU
		{9AC88690-78FE-4F45-BAA6-DF7504BB011E}.Debug|Any CPU.Build.0 = Debug|Any CPU
		{9AC88690-78FE-4F45-BAA6-DF7504BB011E}.Debug|x64.ActiveCfg = Debug|Any CPU
		{9AC88690-78FE-4F45-BAA6-DF7504BB011E}.Debug|x64.Build.0 = Debug|Any CPU
		{9AC88690-78FE-4F45-BAA6-DF7504BB011E}.Release|Any CPU.ActiveCfg = Release|Any CPU
		{9AC88690-78FE-4F45-BAA6-DF7504BB011E}.Release|Any CPU.Build.0 = Release|Any CPU
		{9AC88690-78FE-4F45-BAA6-DF7504BB011E}.Release|x64.ActiveCfg = Release|Any CPU
		{9AC88690-78FE-4F45-BAA6-DF7504BB011E}.Release|x64.Build.0 = Release|Any CPU
		{13EF6CCE-EC4B-454F-807A-A1F5FD6DA9A4}.Debug|Any CPU.ActiveCfg = Debug|Any CPU
		{13EF6CCE-EC4B-454F-807A-A1F5FD6DA9A4}.Debug|Any CPU.Build.0 = Debug|Any CPU
		{13EF6CCE-EC4B-454F-807A-A1F5FD6DA9A4}.Debug|x64.ActiveCfg = Debug|Any CPU
		{13EF6CCE-EC4B-454F-807A-A1F5FD6DA9A4}.Debug|x64.Build.0 = Debug|Any CPU
		{13EF6CCE-EC4B-454F-807A-A1F5FD6DA9A4}.Release|Any CPU.ActiveCfg = Release|Any CPU
		{13EF6CCE-EC4B-454F-807A-A1F5FD6DA9A4}.Release|Any CPU.Build.0 = Release|Any CPU
		{13EF6CCE-EC4B-454F-807A-A1F5FD6DA9A4}.Release|x64.ActiveCfg = Release|Any CPU
		{13EF6CCE-EC4B-454F-807A-A1F5FD6DA9A4}.Release|x64.Build.0 = Release|Any CPU
		{D94AD39D-99FD-49A0-8B68-B513EE2DAB73}.Debug|Any CPU.ActiveCfg = Debug|Any CPU
		{D94AD39D-99FD-49A0-8B68-B513EE2DAB73}.Debug|Any CPU.Build.0 = Debug|Any CPU
		{D94AD39D-99FD-49A0-8B68-B513EE2DAB73}.Debug|x64.ActiveCfg = Debug|Any CPU
		{D94AD39D-99FD-49A0-8B68-B513EE2DAB73}.Debug|x64.Build.0 = Debug|Any CPU
		{D94AD39D-99FD-49A0-8B68-B513EE2DAB73}.Release|Any CPU.ActiveCfg = Release|Any CPU
		{D94AD39D-99FD-49A0-8B68-B513EE2DAB73}.Release|Any CPU.Build.0 = Release|Any CPU
		{D94AD39D-99FD-49A0-8B68-B513EE2DAB73}.Release|x64.ActiveCfg = Release|Any CPU
		{D94AD39D-99FD-49A0-8B68-B513EE2DAB73}.Release|x64.Build.0 = Release|Any CPU
	EndGlobalSection
	GlobalSection(SolutionProperties) = preSolution
		HideSolutionNode = FALSE
	EndGlobalSection
	GlobalSection(NestedProjects) = preSolution
		{EF7F1307-F72C-4CDA-ACBA-79F0C13965EB} = {DDB4EF12-CC4E-5E88-E6FC-71A802F4DE97}
		{D30C1171-4F48-4185-A4AD-F89607D70303} = {61299435-4BD7-4D05-92E0-9FE3ECBB1154}
		{25DF0224-3E8E-4F2E-98D7-A7D0ABE6A54E} = {6D59E43C-F0BA-4F3B-BAB6-5BB2FD0C9CF8}
		{83841462-AB84-40FF-9D48-2F94F55911CE} = {25DF0224-3E8E-4F2E-98D7-A7D0ABE6A54E}
		{61299435-4BD7-4D05-92E0-9FE3ECBB1154} = {6D59E43C-F0BA-4F3B-BAB6-5BB2FD0C9CF8}
		{D89BDC1B-0FB1-443F-8CC3-36F916EB5732} = {AF82E097-1662-414D-9836-2242FDDAE923}
		{B652EC2F-2311-4D9B-BF64-B7C029133204} = {AF82E097-1662-414D-9836-2242FDDAE923}
		{C321EA6C-D6CC-4D3F-91A7-2934285888AF} = {6D59E43C-F0BA-4F3B-BAB6-5BB2FD0C9CF8}
		{F0C9BA85-A9E6-468E-8BF0-461D381FB3C7} = {C321EA6C-D6CC-4D3F-91A7-2934285888AF}
		{009AC356-581F-45E3-9EF6-6FC7DB3CFC2D} = {25DF0224-3E8E-4F2E-98D7-A7D0ABE6A54E}
		{1ADD36D9-EE3C-4EE4-8AD8-1B8DB41E9869} = {DD522DAA-FA74-4616-805C-818004F7DE8E}
		{004D67B7-9786-41D8-B4F1-7A5667FB9DCE} = {DD522DAA-FA74-4616-805C-818004F7DE8E}
		{6B344FBE-E62C-4EA5-93B2-6B41562DF1CE} = {004D67B7-9786-41D8-B4F1-7A5667FB9DCE}
		{39E1DAD7-BF1A-4167-946C-8473840B9C46} = {DD522DAA-FA74-4616-805C-818004F7DE8E}
		{5D91CC69-6C80-4056-944E-B27D87EF9855} = {004D67B7-9786-41D8-B4F1-7A5667FB9DCE}
		{13E2DD42-121F-4F6D-A9A5-CEC2B745629A} = {D007FAC2-7438-42D6-9741-6775B0C83EF6}
		{A8289D6E-E34D-4DAF-A189-28E10E79A9A6} = {D007FAC2-7438-42D6-9741-6775B0C83EF6}
		{65270C45-DA0A-4DDD-AAC9-4390B9C998CB} = {A8289D6E-E34D-4DAF-A189-28E10E79A9A6}
		{4BAFF487-9DCA-4975-BD22-CFDCFBDB4FE1} = {A8289D6E-E34D-4DAF-A189-28E10E79A9A6}
		{20627AE7-86E6-4001-8F25-4F376FED2A86} = {9708A375-B4A5-4FA6-B26F-A2BC8E91BA4E}
		{63046217-60D4-48F3-9A80-8D8D73AB67F3} = {E4AEB527-EEC7-44EB-A888-DDA74DAEB72D}
		{5928E6D4-B0E3-4930-9F76-D15AA08D8002} = {8D15E604-7F21-4273-8F23-ED8636C89ADA}
		{1909DE91-F9B0-40BC-9C02-DE82A628BBE7} = {8D15E604-7F21-4273-8F23-ED8636C89ADA}
		{E4AEB527-EEC7-44EB-A888-DDA74DAEB72D} = {8D15E604-7F21-4273-8F23-ED8636C89ADA}
		{2D261ABE-20A6-4223-B20C-88F45C0ECB04} = {E4AEB527-EEC7-44EB-A888-DDA74DAEB72D}
		{9365F2D0-20DB-4B8B-9374-33E4B0D1A2CA} = {5B684047-B358-438A-B3CC-BBBABA6B0C0A}
		{8023E3F9-09F5-4A45-887A-FE0E95669E20} = {5B684047-B358-438A-B3CC-BBBABA6B0C0A}
		{9689713B-7629-414E-965B-1E0A349DF5A3} = {8023E3F9-09F5-4A45-887A-FE0E95669E20}
		{81EC4F11-006F-4E95-BEBB-9353B7EDDEE0} = {8023E3F9-09F5-4A45-887A-FE0E95669E20}
		{2B2AE79B-A1A1-44CA-9E46-CED77EA327AA} = {8023E3F9-09F5-4A45-887A-FE0E95669E20}
		{13589BB3-967B-4E14-B3D7-FB7B88930D29} = {5B684047-B358-438A-B3CC-BBBABA6B0C0A}
		{4E496BC4-EC6C-4F82-BE93-27CC46BF77A8} = {5B684047-B358-438A-B3CC-BBBABA6B0C0A}
		{7064EB76-7117-4208-8707-9C81B28099D1} = {4E496BC4-EC6C-4F82-BE93-27CC46BF77A8}
		{33BA7383-6A4C-4E27-888A-950C8691E049} = {4E496BC4-EC6C-4F82-BE93-27CC46BF77A8}
		{211481AF-38E2-494F-89D4-0DE549B08EA9} = {7064EB76-7117-4208-8707-9C81B28099D1}
		{8990E7B5-3F03-4BA9-BCE5-331174859C48} = {7064EB76-7117-4208-8707-9C81B28099D1}
		{E2C94356-327C-46F6-9BFB-5443BB2F79F5} = {4E496BC4-EC6C-4F82-BE93-27CC46BF77A8}
		{7C06D570-5236-67C0-200D-EFEA42F6ED6E} = {2E19FF1C-8F63-4942-B108-1B3BBC6CC751}
		{F2BA286C-2607-4023-85F1-172F0EA3C3AE} = {2E19FF1C-8F63-4942-B108-1B3BBC6CC751}
		{D589C9D2-25B2-97EF-C106-318F1C56DB7D} = {F2BA286C-2607-4023-85F1-172F0EA3C3AE}
		{BA3B5C5E-D6A4-39ED-6760-036CDB62E249} = {2E19FF1C-8F63-4942-B108-1B3BBC6CC751}
		{18BD8ADB-3452-487D-9D7F-615C2A544EDC} = {F2BA286C-2607-4023-85F1-172F0EA3C3AE}
		{6EF7678A-A725-F430-3097-30F090C0100A} = {4F5D7413-9DF3-4F68-9AB0-4A42D9BC05BE}
		{010D0C11-D6A2-3CA6-3281-4E0FD547EC2D} = {4F5D7413-9DF3-4F68-9AB0-4A42D9BC05BE}
		{77D22A6D-48CE-D50A-EDB6-272D0BC9EE0A} = {C1788404-06E0-4CB2-A18F-94988FDACA6D}
		{7EEB8E84-D0BD-4354-9B82-651EC3B71891} = {C1788404-06E0-4CB2-A18F-94988FDACA6D}
		{620ABE0D-EA03-4D37-9123-47FD0C03FCA3} = {7EEB8E84-D0BD-4354-9B82-651EC3B71891}
		{52442FBF-AB1E-12BC-8344-0695887AC3CB} = {7EEB8E84-D0BD-4354-9B82-651EC3B71891}
		{0B48C449-0B35-182D-2B8C-BFE6C8DF0359} = {AF82E097-1662-414D-9836-2242FDDAE923}
		{4109F16C-CC0F-746C-BB8C-6083813C958C} = {80ED7C79-262D-4826-8BEF-0BABE4911227}
		{1044220B-AD19-4614-A4B1-D05BFEE9E89D} = {80ED7C79-262D-4826-8BEF-0BABE4911227}
		{6C5C8E11-5C4E-7216-5310-F8D4870D4E3D} = {1044220B-AD19-4614-A4B1-D05BFEE9E89D}
		{F01C3B69-9D05-4BEF-26EB-57BAD926097B} = {1044220B-AD19-4614-A4B1-D05BFEE9E89D}
		{414DFFD5-4A0F-DD91-933A-D9585859A325} = {1044220B-AD19-4614-A4B1-D05BFEE9E89D}
		{B34885F9-3E6C-4A81-BDAF-708950364C71} = {AF82E097-1662-414D-9836-2242FDDAE923}
		{4FDFE1F8-2A42-4F64-B9C3-4C0C433BBF4F} = {4F5D7413-9DF3-4F68-9AB0-4A42D9BC05BE}
		{A0C2A8B5-7C9B-4830-A233-F86E410A9B32} = {49C9CEB2-417F-431E-9FC0-2BA450760472}
		{906DC04D-A213-4FE1-89ED-C5248048C59A} = {49C9CEB2-417F-431E-9FC0-2BA450760472}
		{DE7948AA-0129-47A5-9CBA-F4DC44C2C95C} = {49C9CEB2-417F-431E-9FC0-2BA450760472}
		{37005EAF-4701-46AA-BE92-CE65F2AE9AEC} = {DE7948AA-0129-47A5-9CBA-F4DC44C2C95C}
		{5303D2F3-3A52-43EE-AEF4-187BFF831C69} = {DE7948AA-0129-47A5-9CBA-F4DC44C2C95C}
		{90EF2D30-88EC-4F9D-8106-67B26458F0D9} = {49C9CEB2-417F-431E-9FC0-2BA450760472}
		{A584679A-EF9A-47A8-AACB-77C92FDAE1F1} = {DE7948AA-0129-47A5-9CBA-F4DC44C2C95C}
		{608C7ECB-C6D8-47EF-A4D7-DD53412EF75F} = {DE7948AA-0129-47A5-9CBA-F4DC44C2C95C}
		{6DEA7C30-5F74-4F2F-9110-FA1A3C92050C} = {DE7948AA-0129-47A5-9CBA-F4DC44C2C95C}
		{E10E3764-E287-4A05-8484-0E9BA9F09CBD} = {49C9CEB2-417F-431E-9FC0-2BA450760472}
		{D358657C-DA26-40AD-937F-025C30A558DF} = {7C5E3FF2-E601-4280-8E74-096D4C4D1E81}
		{C3BDE238-2591-4C6E-A9FA-8D7148D35FBA} = {7C5E3FF2-E601-4280-8E74-096D4C4D1E81}
		{9AC88690-78FE-4F45-BAA6-DF7504BB011E} = {7C5E3FF2-E601-4280-8E74-096D4C4D1E81}
		{13EF6CCE-EC4B-454F-807A-A1F5FD6DA9A4} = {7C5E3FF2-E601-4280-8E74-096D4C4D1E81}
		{D94AD39D-99FD-49A0-8B68-B513EE2DAB73} = {7C5E3FF2-E601-4280-8E74-096D4C4D1E81}
	EndGlobalSection
	GlobalSection(ExtensibilityGlobals) = postSolution
		SolutionGuid = {3FE903C0-5167-428C-AB54-C6B2CC2F587F}
	EndGlobalSection
EndGlobal
